// !$*UTF8*$!
{
	archiveVersion = 1;
	classes = {
	};
	objectVersion = 46;
	objects = {

/* Begin PBXBuildFile section */
		300061D71DD023F6000D1BD5 /* TwoDetailsViewController.m in Sources */ = {isa = PBXBuildFile; fileRef = 300061D61DD023F6000D1BD5 /* TwoDetailsViewController.m */; };
		300061DD1DD0542C000D1BD5 /* TwoDetailsTabViewCell.m in Sources */ = {isa = PBXBuildFile; fileRef = 300061DC1DD0542C000D1BD5 /* TwoDetailsTabViewCell.m */; };
		300061E01DD054FF000D1BD5 /* TwoPayTypeViewController.m in Sources */ = {isa = PBXBuildFile; fileRef = 300061DF1DD054FF000D1BD5 /* TwoPayTypeViewController.m */; };
		305EA8D11DD2BAEE00C33F41 /* ZLPhotoBrowser.bundle in Resources */ = {isa = PBXBuildFile; fileRef = 305EA8D01DD2BAEE00C33F41 /* ZLPhotoBrowser.bundle */; };
		30CA2FAB1DD9A345007A5F52 /* XRCarouselView.m in Sources */ = {isa = PBXBuildFile; fileRef = 30CA2FA91DD9A345007A5F52 /* XRCarouselView.m */; };
		30CA2FAC1DD9A345007A5F52 /* XRPlaceholder.png in Resources */ = {isa = PBXBuildFile; fileRef = 30CA2FAA1DD9A345007A5F52 /* XRPlaceholder.png */; };
		30D7612B1DD94F92002F3983 /* ZSBalanceViewController.m in Sources */ = {isa = PBXBuildFile; fileRef = 30D7612A1DD94F92002F3983 /* ZSBalanceViewController.m */; };
		30D7612E1DD94FB4002F3983 /* ZSFamilyViewController.m in Sources */ = {isa = PBXBuildFile; fileRef = 30D7612D1DD94FB4002F3983 /* ZSFamilyViewController.m */; };
		30D761311DD94FCA002F3983 /* ZSHelpViewController.m in Sources */ = {isa = PBXBuildFile; fileRef = 30D761301DD94FCA002F3983 /* ZSHelpViewController.m */; };
		30E3169D1DCB36D200B6ADA4 /* ZSLeftTableViewCell.m in Sources */ = {isa = PBXBuildFile; fileRef = 30E3169A1DCB36D200B6ADA4 /* ZSLeftTableViewCell.m */; };
		30E3169E1DCB36D200B6ADA4 /* ZSRightTableViewCell.m in Sources */ = {isa = PBXBuildFile; fileRef = 30E3169C1DCB36D200B6ADA4 /* ZSRightTableViewCell.m */; };
		30E316A41DCB37F800B6ADA4 /* HXTagsView.m in Sources */ = {isa = PBXBuildFile; fileRef = 30E316A11DCB37F800B6ADA4 /* HXTagsView.m */; };
		30E316A51DCB37F800B6ADA4 /* ZSFitterControl.m in Sources */ = {isa = PBXBuildFile; fileRef = 30E316A31DCB37F800B6ADA4 /* ZSFitterControl.m */; };
		30E316AE1DCB386300B6ADA4 /* TwoViewController.m in Sources */ = {isa = PBXBuildFile; fileRef = 30E316AD1DCB386300B6ADA4 /* TwoViewController.m */; };
		30E316B11DCB389500B6ADA4 /* TwoCollectionViewCell.m in Sources */ = {isa = PBXBuildFile; fileRef = 30E316B01DCB389500B6ADA4 /* TwoCollectionViewCell.m */; };
		30F6C4AA1DD198F3009E766C /* ZLShowBigImage.m in Sources */ = {isa = PBXBuildFile; fileRef = 30F6C4A91DD198F3009E766C /* ZLShowBigImage.m */; };
		30F6C5891DD1AA67009E766C /* NSBundle+ZLPhotoBrowser.m in Sources */ = {isa = PBXBuildFile; fileRef = 30F6C55A1DD1AA67009E766C /* NSBundle+ZLPhotoBrowser.m */; };
		30F6C5981DD1AA67009E766C /* ZLCollectionCell.xib in Resources */ = {isa = PBXBuildFile; fileRef = 30F6C56A1DD1AA67009E766C /* ZLCollectionCell.xib */; };
		30F6C5991DD1AA67009E766C /* ZLNoAuthorityViewController.xib in Resources */ = {isa = PBXBuildFile; fileRef = 30F6C56B1DD1AA67009E766C /* ZLNoAuthorityViewController.xib */; };
		30F6C59A1DD1AA67009E766C /* ZLPhotoActionSheet.xib in Resources */ = {isa = PBXBuildFile; fileRef = 30F6C56C1DD1AA67009E766C /* ZLPhotoActionSheet.xib */; };
		30F6C59C1DD1AA67009E766C /* ZLPhotoBrowserCell.xib in Resources */ = {isa = PBXBuildFile; fileRef = 30F6C56E1DD1AA67009E766C /* ZLPhotoBrowserCell.xib */; };
		30F6C59D1DD1AA67009E766C /* ZLThumbnailViewController.xib in Resources */ = {isa = PBXBuildFile; fileRef = 30F6C56F1DD1AA67009E766C /* ZLThumbnailViewController.xib */; };
		30F6C59E1DD1AA67009E766C /* ToastUtils.m in Sources */ = {isa = PBXBuildFile; fileRef = 30F6C5711DD1AA67009E766C /* ToastUtils.m */; };
		30F6C59F1DD1AA67009E766C /* ZLBigImageCell.m in Sources */ = {isa = PBXBuildFile; fileRef = 30F6C5731DD1AA67009E766C /* ZLBigImageCell.m */; };
		30F6C5A01DD1AA67009E766C /* ZLCollectionCell.m in Sources */ = {isa = PBXBuildFile; fileRef = 30F6C5751DD1AA67009E766C /* ZLCollectionCell.m */; };
		30F6C5A11DD1AA67009E766C /* ZLNoAuthorityViewController.m in Sources */ = {isa = PBXBuildFile; fileRef = 30F6C5781DD1AA67009E766C /* ZLNoAuthorityViewController.m */; };
		30F6C5A21DD1AA67009E766C /* ZLPhotoActionSheet.m in Sources */ = {isa = PBXBuildFile; fileRef = 30F6C57A1DD1AA67009E766C /* ZLPhotoActionSheet.m */; };
		30F6C5A31DD1AA67009E766C /* ZLPhotoBrowser.m in Sources */ = {isa = PBXBuildFile; fileRef = 30F6C57C1DD1AA67009E766C /* ZLPhotoBrowser.m */; };
		30F6C5A41DD1AA67009E766C /* ZLPhotoBrowserCell.m in Sources */ = {isa = PBXBuildFile; fileRef = 30F6C57E1DD1AA67009E766C /* ZLPhotoBrowserCell.m */; };
		30F6C5A51DD1AA67009E766C /* ZLPhotoTool.m in Sources */ = {isa = PBXBuildFile; fileRef = 30F6C5801DD1AA67009E766C /* ZLPhotoTool.m */; };
		30F6C5A61DD1AA67009E766C /* ZLProgressHUD.m in Sources */ = {isa = PBXBuildFile; fileRef = 30F6C5821DD1AA67009E766C /* ZLProgressHUD.m */; };
		30F6C5A71DD1AA67009E766C /* ZLSelectPhotoModel.m in Sources */ = {isa = PBXBuildFile; fileRef = 30F6C5841DD1AA67009E766C /* ZLSelectPhotoModel.m */; };
		30F6C5A81DD1AA67009E766C /* ZLShowBigImgViewController.m in Sources */ = {isa = PBXBuildFile; fileRef = 30F6C5861DD1AA67009E766C /* ZLShowBigImgViewController.m */; };
		30F6C5A91DD1AA67009E766C /* ZLThumbnailViewController.m in Sources */ = {isa = PBXBuildFile; fileRef = 30F6C5881DD1AA67009E766C /* ZLThumbnailViewController.m */; };
		30F6C5AF1DD1B907009E766C /* ZSDetailsTableViewCell.m in Sources */ = {isa = PBXBuildFile; fileRef = 30F6C5AE1DD1B907009E766C /* ZSDetailsTableViewCell.m */; };
		30F6C5B21DD1BBF1009E766C /* ZSDetailsViewController.m in Sources */ = {isa = PBXBuildFile; fileRef = 30F6C5B11DD1BBF1009E766C /* ZSDetailsViewController.m */; };
		30F6C5B51DD1C984009E766C /* StepthirdCell.m in Sources */ = {isa = PBXBuildFile; fileRef = 30F6C5B41DD1C984009E766C /* StepthirdCell.m */; };
		30F6C5B81DD1C9AE009E766C /* ZHBtnSelectView.m in Sources */ = {isa = PBXBuildFile; fileRef = 30F6C5B71DD1C9AE009E766C /* ZHBtnSelectView.m */; };
		30F6C5BB1DD1C9D5009E766C /* ZHCustomBtn.m in Sources */ = {isa = PBXBuildFile; fileRef = 30F6C5BA1DD1C9D5009E766C /* ZHCustomBtn.m */; };
		57075D341DC31B4400693E85 /* UIViewController+SelectPhotoIcon.m in Sources */ = {isa = PBXBuildFile; fileRef = 57075D331DC31B4400693E85 /* UIViewController+SelectPhotoIcon.m */; };
		57075D3B1DC31B9000693E85 /* BBInput.m in Sources */ = {isa = PBXBuildFile; fileRef = 57075D371DC31B9000693E85 /* BBInput.m */; };
		57075D3C1DC31B9000693E85 /* BBInputView.m in Sources */ = {isa = PBXBuildFile; fileRef = 57075D391DC31B9000693E85 /* BBInputView.m */; };
		57075D3D1DC31B9000693E85 /* BBInputView.xib in Resources */ = {isa = PBXBuildFile; fileRef = 57075D3A1DC31B9000693E85 /* BBInputView.xib */; };
		57075D401DC3205F00693E85 /* MineInfModel.m in Sources */ = {isa = PBXBuildFile; fileRef = 57075D3F1DC3205F00693E85 /* MineInfModel.m */; };
		57075DF91DC347D400693E85 /* TWSpringyFlowLayout.m in Sources */ = {isa = PBXBuildFile; fileRef = 57075DF81DC347D400693E85 /* TWSpringyFlowLayout.m */; };
		57075DFC1DC3480200693E85 /* ZSMessageViewCell.m in Sources */ = {isa = PBXBuildFile; fileRef = 57075DFB1DC3480200693E85 /* ZSMessageViewCell.m */; };
		5710691A1DCB0530005481B4 /* Stepfirst.m in Sources */ = {isa = PBXBuildFile; fileRef = 571069191DCB0530005481B4 /* Stepfirst.m */; };
		5710691D1DCB054D005481B4 /* Stepsecond.m in Sources */ = {isa = PBXBuildFile; fileRef = 5710691C1DCB054D005481B4 /* Stepsecond.m */; };
		571069201DCB055E005481B4 /* Stepthird.m in Sources */ = {isa = PBXBuildFile; fileRef = 5710691F1DCB055E005481B4 /* Stepthird.m */; };
		571069261DCB2E9A005481B4 /* ZSDetailOrderModel.m in Sources */ = {isa = PBXBuildFile; fileRef = 571069251DCB2E9A005481B4 /* ZSDetailOrderModel.m */; };
		571244371DC1C82E009CBE66 /* PublishMenuButton.m in Sources */ = {isa = PBXBuildFile; fileRef = 571244341DC1C82E009CBE66 /* PublishMenuButton.m */; };
		571244381DC1C82E009CBE66 /* UIImage+XW.m in Sources */ = {isa = PBXBuildFile; fileRef = 571244361DC1C82E009CBE66 /* UIImage+XW.m */; };
		5712447E1DC1DE97009CBE66 /* ZSMineInfoViewController.m in Sources */ = {isa = PBXBuildFile; fileRef = 5712447D1DC1DE97009CBE66 /* ZSMineInfoViewController.m */; };
		572F8A131DC727E60076E2D8 /* STConst.m in Sources */ = {isa = PBXBuildFile; fileRef = 572F8A091DC727E50076E2D8 /* STConst.m */; };
		572F8A141DC727E60076E2D8 /* STUI.m in Sources */ = {isa = PBXBuildFile; fileRef = 572F8A0B1DC727E50076E2D8 /* STUI.m */; };
		572F8A161DC727E60076E2D8 /* STPickerView.m in Sources */ = {isa = PBXBuildFile; fileRef = 572F8A101DC727E60076E2D8 /* STPickerView.m */; };
		5753F04A1DC824A6001D95D6 /* area.plist in Resources */ = {isa = PBXBuildFile; fileRef = 5753F0471DC824A6001D95D6 /* area.plist */; };
		5753F04B1DC824A6001D95D6 /* STPickerArea.m in Sources */ = {isa = PBXBuildFile; fileRef = 5753F0491DC824A6001D95D6 /* STPickerArea.m */; };
		5753F0511DC824E7001D95D6 /* NSCalendar+ST.m in Sources */ = {isa = PBXBuildFile; fileRef = 5753F04E1DC824E7001D95D6 /* NSCalendar+ST.m */; };
		5753F0521DC824E7001D95D6 /* STPickerDate.m in Sources */ = {isa = PBXBuildFile; fileRef = 5753F0501DC824E7001D95D6 /* STPickerDate.m */; };
		5753F0561DC824EC001D95D6 /* STPickerSingle.m in Sources */ = {isa = PBXBuildFile; fileRef = 5753F0551DC824EC001D95D6 /* STPickerSingle.m */; };
		57599A651DB9A520007BC223 /* ZSRegisterCustomerVC.m in Sources */ = {isa = PBXBuildFile; fileRef = 57599A621DB9A520007BC223 /* ZSRegisterCustomerVC.m */; };
		57599A661DB9A520007BC223 /* ZSRegisterViewController.m in Sources */ = {isa = PBXBuildFile; fileRef = 57599A641DB9A520007BC223 /* ZSRegisterViewController.m */; };
		5768C1E41DB5B7CF0069B421 /* Main.storyboard in Resources */ = {isa = PBXBuildFile; fileRef = 5768C1E21DB5B7CF0069B421 /* Main.storyboard */; };
		5768C1E61DB5B7CF0069B421 /* Assets.xcassets in Resources */ = {isa = PBXBuildFile; fileRef = 5768C1E51DB5B7CF0069B421 /* Assets.xcassets */; };
		5768C1E91DB5B7CF0069B421 /* LaunchScreen.storyboard in Resources */ = {isa = PBXBuildFile; fileRef = 5768C1E71DB5B7CF0069B421 /* LaunchScreen.storyboard */; };
		5768C1F41DB5B7CF0069B421 /* MaintenanceExpertTests.m in Sources */ = {isa = PBXBuildFile; fileRef = 5768C1F31DB5B7CF0069B421 /* MaintenanceExpertTests.m */; };
		5768C1FF1DB5B7CF0069B421 /* MaintenanceExpertUITests.m in Sources */ = {isa = PBXBuildFile; fileRef = 5768C1FE1DB5B7CF0069B421 /* MaintenanceExpertUITests.m */; };
		5768C22C1DB5B9050069B421 /* AppDelegate.m in Sources */ = {isa = PBXBuildFile; fileRef = 5768C2281DB5B9050069B421 /* AppDelegate.m */; };
		5768C22D1DB5B9050069B421 /* main.m in Sources */ = {isa = PBXBuildFile; fileRef = 5768C2291DB5B9050069B421 /* main.m */; };
		5768C22E1DB5B9050069B421 /* ViewController.m in Sources */ = {isa = PBXBuildFile; fileRef = 5768C22B1DB5B9050069B421 /* ViewController.m */; };
		5768C2361DB5B9AA0069B421 /* ZSTabBarController.m in Sources */ = {isa = PBXBuildFile; fileRef = 5768C2351DB5B9AA0069B421 /* ZSTabBarController.m */; };
		5768C2391DB5B9DE0069B421 /* ZSNavigationController.m in Sources */ = {isa = PBXBuildFile; fileRef = 5768C2381DB5B9DE0069B421 /* ZSNavigationController.m */; };
		5768C23F1DB5BAFC0069B421 /* ZSOrderViewController.m in Sources */ = {isa = PBXBuildFile; fileRef = 5768C23E1DB5BAFC0069B421 /* ZSOrderViewController.m */; };
		5768C2421DB5BB1E0069B421 /* ZSEditAndReceiveViewController.m in Sources */ = {isa = PBXBuildFile; fileRef = 5768C2411DB5BB1E0069B421 /* ZSEditAndReceiveViewController.m */; };
		5768C2451DB5BB2C0069B421 /* ZSMessageViewController.m in Sources */ = {isa = PBXBuildFile; fileRef = 5768C2441DB5BB2C0069B421 /* ZSMessageViewController.m */; };
		5768C2481DB5BB390069B421 /* ZSMineViewController.m in Sources */ = {isa = PBXBuildFile; fileRef = 5768C2471DB5BB390069B421 /* ZSMineViewController.m */; };
		5768C24E1DB5BC3A0069B421 /* UIView+ZSExtension.m in Sources */ = {isa = PBXBuildFile; fileRef = 5768C24D1DB5BC3A0069B421 /* UIView+ZSExtension.m */; };
		5768C2511DB5BC600069B421 /* UIImage+Image.m in Sources */ = {isa = PBXBuildFile; fileRef = 5768C2501DB5BC600069B421 /* UIImage+Image.m */; };
		5768C2541DB5BD4C0069B421 /* ZSTabBar.m in Sources */ = {isa = PBXBuildFile; fileRef = 5768C2531DB5BD4C0069B421 /* ZSTabBar.m */; };
		576CBA741DCAC48300514182 /* myimgeview.m in Sources */ = {isa = PBXBuildFile; fileRef = 576CBA731DCAC48300514182 /* myimgeview.m */; };
		576CBA771DCAC4B200514182 /* ZSAlertView.m in Sources */ = {isa = PBXBuildFile; fileRef = 576CBA761DCAC4B200514182 /* ZSAlertView.m */; };
		5771FDE51DBDE1B400003DCC /* XLWaveView.m in Sources */ = {isa = PBXBuildFile; fileRef = 5771FDE41DBDE1B400003DCC /* XLWaveView.m */; };
		577832D81DD5B86F00BADA93 /* ZSHomeViewController.m in Sources */ = {isa = PBXBuildFile; fileRef = 577832D01DD5B86F00BADA93 /* ZSHomeViewController.m */; };
		577832D91DD5B86F00BADA93 /* ZSMapAroundViewController.m in Sources */ = {isa = PBXBuildFile; fileRef = 577832D21DD5B86F00BADA93 /* ZSMapAroundViewController.m */; };
		577832DA1DD5B86F00BADA93 /* ZSHomeMapView.m in Sources */ = {isa = PBXBuildFile; fileRef = 577832D51DD5B86F00BADA93 /* ZSHomeMapView.m */; };
		577832DB1DD5B86F00BADA93 /* ZSHomeTableViewCell.m in Sources */ = {isa = PBXBuildFile; fileRef = 577832D71DD5B86F00BADA93 /* ZSHomeTableViewCell.m */; };
		5787E8961DB866E40062249F /* ZSLoginViewController.m in Sources */ = {isa = PBXBuildFile; fileRef = 5787E8951DB866E40062249F /* ZSLoginViewController.m */; };
		5787E89F1DB8A9250062249F /* UIbutton.m in Sources */ = {isa = PBXBuildFile; fileRef = 5787E89E1DB8A9250062249F /* UIbutton.m */; };
		578B70B51DC0775600453A18 /* ZSSettingViewController.m in Sources */ = {isa = PBXBuildFile; fileRef = 578B70B41DC0775600453A18 /* ZSSettingViewController.m */; };
		578B71211DC0AAC700453A18 /* XWPopMenuController.m in Sources */ = {isa = PBXBuildFile; fileRef = 578B711E1DC0AAC700453A18 /* XWPopMenuController.m */; };
		578B71281DC0AB2C00453A18 /* OneViewController.m in Sources */ = {isa = PBXBuildFile; fileRef = 578B71231DC0AB2C00453A18 /* OneViewController.m */; };
		578B71291DC0AB2C00453A18 /* ThreeViewController.m in Sources */ = {isa = PBXBuildFile; fileRef = 578B71251DC0AB2C00453A18 /* ThreeViewController.m */; };
		57AAB69A1DD3109300C8707B /* MapKit.framework in Frameworks */ = {isa = PBXBuildFile; fileRef = 57AAB6991DD3109300C8707B /* MapKit.framework */; };
		57AAB69C1DD310E600C8707B /* CoreLocation.framework in Frameworks */ = {isa = PBXBuildFile; fileRef = 57AAB69B1DD310E600C8707B /* CoreLocation.framework */; };
		57D7E1E41DB9AACA005E69E2 /* ZSChangePasswordVC.m in Sources */ = {isa = PBXBuildFile; fileRef = 57D7E1E31DB9AACA005E69E2 /* ZSChangePasswordVC.m */; };
		57D7E1FC1DB9E378005E69E2 /* ZSMessageView.m in Sources */ = {isa = PBXBuildFile; fileRef = 57D7E1FB1DB9E378005E69E2 /* ZSMessageView.m */; };
		81A2D96C1A28D1EBC4B17F4E /* libPods-MaintenanceExpert.a in Frameworks */ = {isa = PBXBuildFile; fileRef = 6528092F46243E4DB761EA15 /* libPods-MaintenanceExpert.a */; };
/* End PBXBuildFile section */

/* Begin PBXContainerItemProxy section */
		5768C1F01DB5B7CF0069B421 /* PBXContainerItemProxy */ = {
			isa = PBXContainerItemProxy;
			containerPortal = 5768C1CE1DB5B7CF0069B421 /* Project object */;
			proxyType = 1;
			remoteGlobalIDString = 5768C1D51DB5B7CF0069B421;
			remoteInfo = MaintenanceExpert;
		};
		5768C1FB1DB5B7CF0069B421 /* PBXContainerItemProxy */ = {
			isa = PBXContainerItemProxy;
			containerPortal = 5768C1CE1DB5B7CF0069B421 /* Project object */;
			proxyType = 1;
			remoteGlobalIDString = 5768C1D51DB5B7CF0069B421;
			remoteInfo = MaintenanceExpert;
		};
/* End PBXContainerItemProxy section */

/* Begin PBXFileReference section */
		300061D51DD023F6000D1BD5 /* TwoDetailsViewController.h */ = {isa = PBXFileReference; fileEncoding = 4; lastKnownFileType = sourcecode.c.h; path = TwoDetailsViewController.h; sourceTree = "<group>"; };
		300061D61DD023F6000D1BD5 /* TwoDetailsViewController.m */ = {isa = PBXFileReference; fileEncoding = 4; lastKnownFileType = sourcecode.c.objc; path = TwoDetailsViewController.m; sourceTree = "<group>"; };
		300061DB1DD0542C000D1BD5 /* TwoDetailsTabViewCell.h */ = {isa = PBXFileReference; fileEncoding = 4; lastKnownFileType = sourcecode.c.h; path = TwoDetailsTabViewCell.h; sourceTree = "<group>"; };
		300061DC1DD0542C000D1BD5 /* TwoDetailsTabViewCell.m */ = {isa = PBXFileReference; fileEncoding = 4; lastKnownFileType = sourcecode.c.objc; path = TwoDetailsTabViewCell.m; sourceTree = "<group>"; };
		300061DE1DD054FF000D1BD5 /* TwoPayTypeViewController.h */ = {isa = PBXFileReference; fileEncoding = 4; lastKnownFileType = sourcecode.c.h; path = TwoPayTypeViewController.h; sourceTree = "<group>"; };
		300061DF1DD054FF000D1BD5 /* TwoPayTypeViewController.m */ = {isa = PBXFileReference; fileEncoding = 4; lastKnownFileType = sourcecode.c.objc; path = TwoPayTypeViewController.m; sourceTree = "<group>"; };
		305EA8D01DD2BAEE00C33F41 /* ZLPhotoBrowser.bundle */ = {isa = PBXFileReference; lastKnownFileType = "wrapper.plug-in"; path = ZLPhotoBrowser.bundle; sourceTree = "<group>"; };
		30CA2FA81DD9A345007A5F52 /* XRCarouselView.h */ = {isa = PBXFileReference; fileEncoding = 4; lastKnownFileType = sourcecode.c.h; path = XRCarouselView.h; sourceTree = "<group>"; };
		30CA2FA91DD9A345007A5F52 /* XRCarouselView.m */ = {isa = PBXFileReference; fileEncoding = 4; lastKnownFileType = sourcecode.c.objc; path = XRCarouselView.m; sourceTree = "<group>"; };
		30CA2FAA1DD9A345007A5F52 /* XRPlaceholder.png */ = {isa = PBXFileReference; lastKnownFileType = image.png; path = XRPlaceholder.png; sourceTree = "<group>"; };
		30D761291DD94F92002F3983 /* ZSBalanceViewController.h */ = {isa = PBXFileReference; fileEncoding = 4; lastKnownFileType = sourcecode.c.h; path = ZSBalanceViewController.h; sourceTree = "<group>"; };
		30D7612A1DD94F92002F3983 /* ZSBalanceViewController.m */ = {isa = PBXFileReference; fileEncoding = 4; lastKnownFileType = sourcecode.c.objc; path = ZSBalanceViewController.m; sourceTree = "<group>"; };
		30D7612C1DD94FB4002F3983 /* ZSFamilyViewController.h */ = {isa = PBXFileReference; fileEncoding = 4; lastKnownFileType = sourcecode.c.h; path = ZSFamilyViewController.h; sourceTree = "<group>"; };
		30D7612D1DD94FB4002F3983 /* ZSFamilyViewController.m */ = {isa = PBXFileReference; fileEncoding = 4; lastKnownFileType = sourcecode.c.objc; path = ZSFamilyViewController.m; sourceTree = "<group>"; };
		30D7612F1DD94FCA002F3983 /* ZSHelpViewController.h */ = {isa = PBXFileReference; fileEncoding = 4; lastKnownFileType = sourcecode.c.h; path = ZSHelpViewController.h; sourceTree = "<group>"; };
		30D761301DD94FCA002F3983 /* ZSHelpViewController.m */ = {isa = PBXFileReference; fileEncoding = 4; lastKnownFileType = sourcecode.c.objc; path = ZSHelpViewController.m; sourceTree = "<group>"; };
		30E316991DCB36D200B6ADA4 /* ZSLeftTableViewCell.h */ = {isa = PBXFileReference; fileEncoding = 4; lastKnownFileType = sourcecode.c.h; path = ZSLeftTableViewCell.h; sourceTree = "<group>"; };
		30E3169A1DCB36D200B6ADA4 /* ZSLeftTableViewCell.m */ = {isa = PBXFileReference; fileEncoding = 4; lastKnownFileType = sourcecode.c.objc; path = ZSLeftTableViewCell.m; sourceTree = "<group>"; };
		30E3169B1DCB36D200B6ADA4 /* ZSRightTableViewCell.h */ = {isa = PBXFileReference; fileEncoding = 4; lastKnownFileType = sourcecode.c.h; path = ZSRightTableViewCell.h; sourceTree = "<group>"; };
		30E3169C1DCB36D200B6ADA4 /* ZSRightTableViewCell.m */ = {isa = PBXFileReference; fileEncoding = 4; lastKnownFileType = sourcecode.c.objc; path = ZSRightTableViewCell.m; sourceTree = "<group>"; };
		30E316A01DCB37F800B6ADA4 /* HXTagsView.h */ = {isa = PBXFileReference; fileEncoding = 4; lastKnownFileType = sourcecode.c.h; path = HXTagsView.h; sourceTree = "<group>"; };
		30E316A11DCB37F800B6ADA4 /* HXTagsView.m */ = {isa = PBXFileReference; fileEncoding = 4; lastKnownFileType = sourcecode.c.objc; path = HXTagsView.m; sourceTree = "<group>"; };
		30E316A21DCB37F800B6ADA4 /* ZSFitterControl.h */ = {isa = PBXFileReference; fileEncoding = 4; lastKnownFileType = sourcecode.c.h; path = ZSFitterControl.h; sourceTree = "<group>"; };
		30E316A31DCB37F800B6ADA4 /* ZSFitterControl.m */ = {isa = PBXFileReference; fileEncoding = 4; lastKnownFileType = sourcecode.c.objc; path = ZSFitterControl.m; sourceTree = "<group>"; };
		30E316AC1DCB386300B6ADA4 /* TwoViewController.h */ = {isa = PBXFileReference; fileEncoding = 4; lastKnownFileType = sourcecode.c.h; path = TwoViewController.h; sourceTree = "<group>"; };
		30E316AD1DCB386300B6ADA4 /* TwoViewController.m */ = {isa = PBXFileReference; fileEncoding = 4; lastKnownFileType = sourcecode.c.objc; path = TwoViewController.m; sourceTree = "<group>"; };
		30E316AF1DCB389500B6ADA4 /* TwoCollectionViewCell.h */ = {isa = PBXFileReference; fileEncoding = 4; lastKnownFileType = sourcecode.c.h; path = TwoCollectionViewCell.h; sourceTree = "<group>"; };
		30E316B01DCB389500B6ADA4 /* TwoCollectionViewCell.m */ = {isa = PBXFileReference; fileEncoding = 4; lastKnownFileType = sourcecode.c.objc; path = TwoCollectionViewCell.m; sourceTree = "<group>"; };
		30F6C4A81DD198F3009E766C /* ZLShowBigImage.h */ = {isa = PBXFileReference; fileEncoding = 4; lastKnownFileType = sourcecode.c.h; path = ZLShowBigImage.h; sourceTree = "<group>"; };
		30F6C4A91DD198F3009E766C /* ZLShowBigImage.m */ = {isa = PBXFileReference; fileEncoding = 4; lastKnownFileType = sourcecode.c.objc; path = ZLShowBigImage.m; sourceTree = "<group>"; };
		30F6C4AB1DD1A60C009E766C /* PrefixHeader.pch */ = {isa = PBXFileReference; lastKnownFileType = sourcecode.c.h; path = PrefixHeader.pch; sourceTree = "<group>"; };
		30F6C5591DD1AA67009E766C /* NSBundle+ZLPhotoBrowser.h */ = {isa = PBXFileReference; fileEncoding = 4; lastKnownFileType = sourcecode.c.h; path = "NSBundle+ZLPhotoBrowser.h"; sourceTree = "<group>"; };
		30F6C55A1DD1AA67009E766C /* NSBundle+ZLPhotoBrowser.m */ = {isa = PBXFileReference; fileEncoding = 4; lastKnownFileType = sourcecode.c.objc; path = "NSBundle+ZLPhotoBrowser.m"; sourceTree = "<group>"; };
		30F6C56A1DD1AA67009E766C /* ZLCollectionCell.xib */ = {isa = PBXFileReference; fileEncoding = 4; lastKnownFileType = file.xib; path = ZLCollectionCell.xib; sourceTree = "<group>"; };
		30F6C56B1DD1AA67009E766C /* ZLNoAuthorityViewController.xib */ = {isa = PBXFileReference; fileEncoding = 4; lastKnownFileType = file.xib; path = ZLNoAuthorityViewController.xib; sourceTree = "<group>"; };
		30F6C56C1DD1AA67009E766C /* ZLPhotoActionSheet.xib */ = {isa = PBXFileReference; fileEncoding = 4; lastKnownFileType = file.xib; path = ZLPhotoActionSheet.xib; sourceTree = "<group>"; };
		30F6C56E1DD1AA67009E766C /* ZLPhotoBrowserCell.xib */ = {isa = PBXFileReference; fileEncoding = 4; lastKnownFileType = file.xib; path = ZLPhotoBrowserCell.xib; sourceTree = "<group>"; };
		30F6C56F1DD1AA67009E766C /* ZLThumbnailViewController.xib */ = {isa = PBXFileReference; fileEncoding = 4; lastKnownFileType = file.xib; path = ZLThumbnailViewController.xib; sourceTree = "<group>"; };
		30F6C5701DD1AA67009E766C /* ToastUtils.h */ = {isa = PBXFileReference; fileEncoding = 4; lastKnownFileType = sourcecode.c.h; path = ToastUtils.h; sourceTree = "<group>"; };
		30F6C5711DD1AA67009E766C /* ToastUtils.m */ = {isa = PBXFileReference; fileEncoding = 4; lastKnownFileType = sourcecode.c.objc; path = ToastUtils.m; sourceTree = "<group>"; };
		30F6C5721DD1AA67009E766C /* ZLBigImageCell.h */ = {isa = PBXFileReference; fileEncoding = 4; lastKnownFileType = sourcecode.c.h; path = ZLBigImageCell.h; sourceTree = "<group>"; };
		30F6C5731DD1AA67009E766C /* ZLBigImageCell.m */ = {isa = PBXFileReference; fileEncoding = 4; lastKnownFileType = sourcecode.c.objc; path = ZLBigImageCell.m; sourceTree = "<group>"; };
		30F6C5741DD1AA67009E766C /* ZLCollectionCell.h */ = {isa = PBXFileReference; fileEncoding = 4; lastKnownFileType = sourcecode.c.h; path = ZLCollectionCell.h; sourceTree = "<group>"; };
		30F6C5751DD1AA67009E766C /* ZLCollectionCell.m */ = {isa = PBXFileReference; fileEncoding = 4; lastKnownFileType = sourcecode.c.objc; path = ZLCollectionCell.m; sourceTree = "<group>"; };
		30F6C5761DD1AA67009E766C /* ZLDefine.h */ = {isa = PBXFileReference; fileEncoding = 4; lastKnownFileType = sourcecode.c.h; path = ZLDefine.h; sourceTree = "<group>"; };
		30F6C5771DD1AA67009E766C /* ZLNoAuthorityViewController.h */ = {isa = PBXFileReference; fileEncoding = 4; lastKnownFileType = sourcecode.c.h; path = ZLNoAuthorityViewController.h; sourceTree = "<group>"; };
		30F6C5781DD1AA67009E766C /* ZLNoAuthorityViewController.m */ = {isa = PBXFileReference; fileEncoding = 4; lastKnownFileType = sourcecode.c.objc; path = ZLNoAuthorityViewController.m; sourceTree = "<group>"; };
		30F6C5791DD1AA67009E766C /* ZLPhotoActionSheet.h */ = {isa = PBXFileReference; fileEncoding = 4; lastKnownFileType = sourcecode.c.h; path = ZLPhotoActionSheet.h; sourceTree = "<group>"; };
		30F6C57A1DD1AA67009E766C /* ZLPhotoActionSheet.m */ = {isa = PBXFileReference; fileEncoding = 4; lastKnownFileType = sourcecode.c.objc; path = ZLPhotoActionSheet.m; sourceTree = "<group>"; };
		30F6C57B1DD1AA67009E766C /* ZLPhotoBrowser.h */ = {isa = PBXFileReference; fileEncoding = 4; lastKnownFileType = sourcecode.c.h; path = ZLPhotoBrowser.h; sourceTree = "<group>"; };
		30F6C57C1DD1AA67009E766C /* ZLPhotoBrowser.m */ = {isa = PBXFileReference; fileEncoding = 4; lastKnownFileType = sourcecode.c.objc; path = ZLPhotoBrowser.m; sourceTree = "<group>"; };
		30F6C57D1DD1AA67009E766C /* ZLPhotoBrowserCell.h */ = {isa = PBXFileReference; fileEncoding = 4; lastKnownFileType = sourcecode.c.h; path = ZLPhotoBrowserCell.h; sourceTree = "<group>"; };
		30F6C57E1DD1AA67009E766C /* ZLPhotoBrowserCell.m */ = {isa = PBXFileReference; fileEncoding = 4; lastKnownFileType = sourcecode.c.objc; path = ZLPhotoBrowserCell.m; sourceTree = "<group>"; };
		30F6C57F1DD1AA67009E766C /* ZLPhotoTool.h */ = {isa = PBXFileReference; fileEncoding = 4; lastKnownFileType = sourcecode.c.h; path = ZLPhotoTool.h; sourceTree = "<group>"; };
		30F6C5801DD1AA67009E766C /* ZLPhotoTool.m */ = {isa = PBXFileReference; fileEncoding = 4; lastKnownFileType = sourcecode.c.objc; path = ZLPhotoTool.m; sourceTree = "<group>"; };
		30F6C5811DD1AA67009E766C /* ZLProgressHUD.h */ = {isa = PBXFileReference; fileEncoding = 4; lastKnownFileType = sourcecode.c.h; path = ZLProgressHUD.h; sourceTree = "<group>"; };
		30F6C5821DD1AA67009E766C /* ZLProgressHUD.m */ = {isa = PBXFileReference; fileEncoding = 4; lastKnownFileType = sourcecode.c.objc; path = ZLProgressHUD.m; sourceTree = "<group>"; };
		30F6C5831DD1AA67009E766C /* ZLSelectPhotoModel.h */ = {isa = PBXFileReference; fileEncoding = 4; lastKnownFileType = sourcecode.c.h; path = ZLSelectPhotoModel.h; sourceTree = "<group>"; };
		30F6C5841DD1AA67009E766C /* ZLSelectPhotoModel.m */ = {isa = PBXFileReference; fileEncoding = 4; lastKnownFileType = sourcecode.c.objc; path = ZLSelectPhotoModel.m; sourceTree = "<group>"; };
		30F6C5851DD1AA67009E766C /* ZLShowBigImgViewController.h */ = {isa = PBXFileReference; fileEncoding = 4; lastKnownFileType = sourcecode.c.h; path = ZLShowBigImgViewController.h; sourceTree = "<group>"; };
		30F6C5861DD1AA67009E766C /* ZLShowBigImgViewController.m */ = {isa = PBXFileReference; fileEncoding = 4; lastKnownFileType = sourcecode.c.objc; path = ZLShowBigImgViewController.m; sourceTree = "<group>"; };
		30F6C5871DD1AA67009E766C /* ZLThumbnailViewController.h */ = {isa = PBXFileReference; fileEncoding = 4; lastKnownFileType = sourcecode.c.h; path = ZLThumbnailViewController.h; sourceTree = "<group>"; };
		30F6C5881DD1AA67009E766C /* ZLThumbnailViewController.m */ = {isa = PBXFileReference; fileEncoding = 4; lastKnownFileType = sourcecode.c.objc; path = ZLThumbnailViewController.m; sourceTree = "<group>"; };
		30F6C5AD1DD1B907009E766C /* ZSDetailsTableViewCell.h */ = {isa = PBXFileReference; fileEncoding = 4; lastKnownFileType = sourcecode.c.h; path = ZSDetailsTableViewCell.h; sourceTree = "<group>"; };
		30F6C5AE1DD1B907009E766C /* ZSDetailsTableViewCell.m */ = {isa = PBXFileReference; fileEncoding = 4; lastKnownFileType = sourcecode.c.objc; path = ZSDetailsTableViewCell.m; sourceTree = "<group>"; };
		30F6C5B01DD1BBF1009E766C /* ZSDetailsViewController.h */ = {isa = PBXFileReference; fileEncoding = 4; lastKnownFileType = sourcecode.c.h; path = ZSDetailsViewController.h; sourceTree = "<group>"; };
		30F6C5B11DD1BBF1009E766C /* ZSDetailsViewController.m */ = {isa = PBXFileReference; fileEncoding = 4; lastKnownFileType = sourcecode.c.objc; path = ZSDetailsViewController.m; sourceTree = "<group>"; };
		30F6C5B31DD1C984009E766C /* StepthirdCell.h */ = {isa = PBXFileReference; fileEncoding = 4; lastKnownFileType = sourcecode.c.h; path = StepthirdCell.h; sourceTree = "<group>"; };
		30F6C5B41DD1C984009E766C /* StepthirdCell.m */ = {isa = PBXFileReference; fileEncoding = 4; lastKnownFileType = sourcecode.c.objc; path = StepthirdCell.m; sourceTree = "<group>"; };
		30F6C5B61DD1C9AE009E766C /* ZHBtnSelectView.h */ = {isa = PBXFileReference; fileEncoding = 4; lastKnownFileType = sourcecode.c.h; path = ZHBtnSelectView.h; sourceTree = "<group>"; };
		30F6C5B71DD1C9AE009E766C /* ZHBtnSelectView.m */ = {isa = PBXFileReference; fileEncoding = 4; lastKnownFileType = sourcecode.c.objc; path = ZHBtnSelectView.m; sourceTree = "<group>"; };
		30F6C5B91DD1C9D5009E766C /* ZHCustomBtn.h */ = {isa = PBXFileReference; fileEncoding = 4; lastKnownFileType = sourcecode.c.h; path = ZHCustomBtn.h; sourceTree = "<group>"; };
		30F6C5BA1DD1C9D5009E766C /* ZHCustomBtn.m */ = {isa = PBXFileReference; fileEncoding = 4; lastKnownFileType = sourcecode.c.objc; path = ZHCustomBtn.m; sourceTree = "<group>"; };
		57075D321DC31B4400693E85 /* UIViewController+SelectPhotoIcon.h */ = {isa = PBXFileReference; fileEncoding = 4; lastKnownFileType = sourcecode.c.h; path = "UIViewController+SelectPhotoIcon.h"; sourceTree = "<group>"; };
		57075D331DC31B4400693E85 /* UIViewController+SelectPhotoIcon.m */ = {isa = PBXFileReference; fileEncoding = 4; lastKnownFileType = sourcecode.c.objc; path = "UIViewController+SelectPhotoIcon.m"; sourceTree = "<group>"; };
		57075D361DC31B9000693E85 /* BBInput.h */ = {isa = PBXFileReference; fileEncoding = 4; lastKnownFileType = sourcecode.c.h; path = BBInput.h; sourceTree = "<group>"; };
		57075D371DC31B9000693E85 /* BBInput.m */ = {isa = PBXFileReference; fileEncoding = 4; lastKnownFileType = sourcecode.c.objc; path = BBInput.m; sourceTree = "<group>"; };
		57075D381DC31B9000693E85 /* BBInputView.h */ = {isa = PBXFileReference; fileEncoding = 4; lastKnownFileType = sourcecode.c.h; path = BBInputView.h; sourceTree = "<group>"; };
		57075D391DC31B9000693E85 /* BBInputView.m */ = {isa = PBXFileReference; fileEncoding = 4; lastKnownFileType = sourcecode.c.objc; path = BBInputView.m; sourceTree = "<group>"; };
		57075D3A1DC31B9000693E85 /* BBInputView.xib */ = {isa = PBXFileReference; fileEncoding = 4; lastKnownFileType = file.xib; path = BBInputView.xib; sourceTree = "<group>"; };
		57075D3E1DC3205F00693E85 /* MineInfModel.h */ = {isa = PBXFileReference; fileEncoding = 4; lastKnownFileType = sourcecode.c.h; path = MineInfModel.h; sourceTree = "<group>"; };
		57075D3F1DC3205F00693E85 /* MineInfModel.m */ = {isa = PBXFileReference; fileEncoding = 4; lastKnownFileType = sourcecode.c.objc; path = MineInfModel.m; sourceTree = "<group>"; };
		57075DF71DC347D400693E85 /* TWSpringyFlowLayout.h */ = {isa = PBXFileReference; fileEncoding = 4; lastKnownFileType = sourcecode.c.h; path = TWSpringyFlowLayout.h; sourceTree = "<group>"; };
		57075DF81DC347D400693E85 /* TWSpringyFlowLayout.m */ = {isa = PBXFileReference; fileEncoding = 4; lastKnownFileType = sourcecode.c.objc; path = TWSpringyFlowLayout.m; sourceTree = "<group>"; };
		57075DFA1DC3480200693E85 /* ZSMessageViewCell.h */ = {isa = PBXFileReference; fileEncoding = 4; lastKnownFileType = sourcecode.c.h; path = ZSMessageViewCell.h; sourceTree = "<group>"; };
		57075DFB1DC3480200693E85 /* ZSMessageViewCell.m */ = {isa = PBXFileReference; fileEncoding = 4; lastKnownFileType = sourcecode.c.objc; path = ZSMessageViewCell.m; sourceTree = "<group>"; };
		571069181DCB0530005481B4 /* Stepfirst.h */ = {isa = PBXFileReference; fileEncoding = 4; lastKnownFileType = sourcecode.c.h; path = Stepfirst.h; sourceTree = "<group>"; };
		571069191DCB0530005481B4 /* Stepfirst.m */ = {isa = PBXFileReference; fileEncoding = 4; lastKnownFileType = sourcecode.c.objc; path = Stepfirst.m; sourceTree = "<group>"; };
		5710691B1DCB054D005481B4 /* Stepsecond.h */ = {isa = PBXFileReference; fileEncoding = 4; lastKnownFileType = sourcecode.c.h; path = Stepsecond.h; sourceTree = "<group>"; };
		5710691C1DCB054D005481B4 /* Stepsecond.m */ = {isa = PBXFileReference; fileEncoding = 4; lastKnownFileType = sourcecode.c.objc; path = Stepsecond.m; sourceTree = "<group>"; };
		5710691E1DCB055E005481B4 /* Stepthird.h */ = {isa = PBXFileReference; fileEncoding = 4; lastKnownFileType = sourcecode.c.h; path = Stepthird.h; sourceTree = "<group>"; };
		5710691F1DCB055E005481B4 /* Stepthird.m */ = {isa = PBXFileReference; fileEncoding = 4; lastKnownFileType = sourcecode.c.objc; path = Stepthird.m; sourceTree = "<group>"; };
		571069241DCB2E9A005481B4 /* ZSDetailOrderModel.h */ = {isa = PBXFileReference; fileEncoding = 4; lastKnownFileType = sourcecode.c.h; path = ZSDetailOrderModel.h; sourceTree = "<group>"; };
		571069251DCB2E9A005481B4 /* ZSDetailOrderModel.m */ = {isa = PBXFileReference; fileEncoding = 4; lastKnownFileType = sourcecode.c.objc; path = ZSDetailOrderModel.m; sourceTree = "<group>"; };
		571244331DC1C82E009CBE66 /* PublishMenuButton.h */ = {isa = PBXFileReference; fileEncoding = 4; lastKnownFileType = sourcecode.c.h; path = PublishMenuButton.h; sourceTree = "<group>"; };
		571244341DC1C82E009CBE66 /* PublishMenuButton.m */ = {isa = PBXFileReference; fileEncoding = 4; lastKnownFileType = sourcecode.c.objc; path = PublishMenuButton.m; sourceTree = "<group>"; };
		571244351DC1C82E009CBE66 /* UIImage+XW.h */ = {isa = PBXFileReference; fileEncoding = 4; lastKnownFileType = sourcecode.c.h; path = "UIImage+XW.h"; sourceTree = "<group>"; };
		571244361DC1C82E009CBE66 /* UIImage+XW.m */ = {isa = PBXFileReference; fileEncoding = 4; lastKnownFileType = sourcecode.c.objc; path = "UIImage+XW.m"; sourceTree = "<group>"; };
		5712447C1DC1DE97009CBE66 /* ZSMineInfoViewController.h */ = {isa = PBXFileReference; fileEncoding = 4; lastKnownFileType = sourcecode.c.h; path = ZSMineInfoViewController.h; sourceTree = "<group>"; };
		5712447D1DC1DE97009CBE66 /* ZSMineInfoViewController.m */ = {isa = PBXFileReference; fileEncoding = 4; lastKnownFileType = sourcecode.c.objc; path = ZSMineInfoViewController.m; sourceTree = "<group>"; };
		572F8A071DC727E50076E2D8 /* STConfig.h */ = {isa = PBXFileReference; fileEncoding = 4; lastKnownFileType = sourcecode.c.h; path = STConfig.h; sourceTree = "<group>"; };
		572F8A081DC727E50076E2D8 /* STConst.h */ = {isa = PBXFileReference; fileEncoding = 4; lastKnownFileType = sourcecode.c.h; path = STConst.h; sourceTree = "<group>"; };
		572F8A091DC727E50076E2D8 /* STConst.m */ = {isa = PBXFileReference; fileEncoding = 4; lastKnownFileType = sourcecode.c.objc; path = STConst.m; sourceTree = "<group>"; };
		572F8A0A1DC727E50076E2D8 /* STUI.h */ = {isa = PBXFileReference; fileEncoding = 4; lastKnownFileType = sourcecode.c.h; path = STUI.h; sourceTree = "<group>"; };
		572F8A0B1DC727E50076E2D8 /* STUI.m */ = {isa = PBXFileReference; fileEncoding = 4; lastKnownFileType = sourcecode.c.objc; path = STUI.m; sourceTree = "<group>"; };
		572F8A0F1DC727E60076E2D8 /* STPickerView.h */ = {isa = PBXFileReference; fileEncoding = 4; lastKnownFileType = sourcecode.c.h; path = STPickerView.h; sourceTree = "<group>"; };
		572F8A101DC727E60076E2D8 /* STPickerView.m */ = {isa = PBXFileReference; fileEncoding = 4; lastKnownFileType = sourcecode.c.objc; path = STPickerView.m; sourceTree = "<group>"; };
		5753F0471DC824A6001D95D6 /* area.plist */ = {isa = PBXFileReference; fileEncoding = 4; lastKnownFileType = text.plist.xml; path = area.plist; sourceTree = "<group>"; };
		5753F0481DC824A6001D95D6 /* STPickerArea.h */ = {isa = PBXFileReference; fileEncoding = 4; lastKnownFileType = sourcecode.c.h; path = STPickerArea.h; sourceTree = "<group>"; };
		5753F0491DC824A6001D95D6 /* STPickerArea.m */ = {isa = PBXFileReference; fileEncoding = 4; lastKnownFileType = sourcecode.c.objc; path = STPickerArea.m; sourceTree = "<group>"; };
		5753F04D1DC824E7001D95D6 /* NSCalendar+ST.h */ = {isa = PBXFileReference; fileEncoding = 4; lastKnownFileType = sourcecode.c.h; path = "NSCalendar+ST.h"; sourceTree = "<group>"; };
		5753F04E1DC824E7001D95D6 /* NSCalendar+ST.m */ = {isa = PBXFileReference; fileEncoding = 4; lastKnownFileType = sourcecode.c.objc; path = "NSCalendar+ST.m"; sourceTree = "<group>"; };
		5753F04F1DC824E7001D95D6 /* STPickerDate.h */ = {isa = PBXFileReference; fileEncoding = 4; lastKnownFileType = sourcecode.c.h; path = STPickerDate.h; sourceTree = "<group>"; };
		5753F0501DC824E7001D95D6 /* STPickerDate.m */ = {isa = PBXFileReference; fileEncoding = 4; lastKnownFileType = sourcecode.c.objc; path = STPickerDate.m; sourceTree = "<group>"; };
		5753F0541DC824EC001D95D6 /* STPickerSingle.h */ = {isa = PBXFileReference; fileEncoding = 4; lastKnownFileType = sourcecode.c.h; path = STPickerSingle.h; sourceTree = "<group>"; };
		5753F0551DC824EC001D95D6 /* STPickerSingle.m */ = {isa = PBXFileReference; fileEncoding = 4; lastKnownFileType = sourcecode.c.objc; path = STPickerSingle.m; sourceTree = "<group>"; };
		57599A611DB9A520007BC223 /* ZSRegisterCustomerVC.h */ = {isa = PBXFileReference; fileEncoding = 4; lastKnownFileType = sourcecode.c.h; path = ZSRegisterCustomerVC.h; sourceTree = "<group>"; };
		57599A621DB9A520007BC223 /* ZSRegisterCustomerVC.m */ = {isa = PBXFileReference; fileEncoding = 4; lastKnownFileType = sourcecode.c.objc; path = ZSRegisterCustomerVC.m; sourceTree = "<group>"; };
		57599A631DB9A520007BC223 /* ZSRegisterViewController.h */ = {isa = PBXFileReference; fileEncoding = 4; lastKnownFileType = sourcecode.c.h; path = ZSRegisterViewController.h; sourceTree = "<group>"; };
		57599A641DB9A520007BC223 /* ZSRegisterViewController.m */ = {isa = PBXFileReference; fileEncoding = 4; lastKnownFileType = sourcecode.c.objc; path = ZSRegisterViewController.m; sourceTree = "<group>"; };
		5768C1D61DB5B7CF0069B421 /* MaintenanceExpert.app */ = {isa = PBXFileReference; explicitFileType = wrapper.application; includeInIndex = 0; path = MaintenanceExpert.app; sourceTree = BUILT_PRODUCTS_DIR; };
		5768C1E31DB5B7CF0069B421 /* Base */ = {isa = PBXFileReference; lastKnownFileType = file.storyboard; name = Base; path = Base.lproj/Main.storyboard; sourceTree = "<group>"; };
		5768C1E51DB5B7CF0069B421 /* Assets.xcassets */ = {isa = PBXFileReference; lastKnownFileType = folder.assetcatalog; path = Assets.xcassets; sourceTree = "<group>"; };
		5768C1E81DB5B7CF0069B421 /* Base */ = {isa = PBXFileReference; lastKnownFileType = file.storyboard; name = Base; path = Base.lproj/LaunchScreen.storyboard; sourceTree = "<group>"; };
		5768C1EA1DB5B7CF0069B421 /* Info.plist */ = {isa = PBXFileReference; lastKnownFileType = text.plist.xml; path = Info.plist; sourceTree = "<group>"; };
		5768C1EF1DB5B7CF0069B421 /* MaintenanceExpertTests.xctest */ = {isa = PBXFileReference; explicitFileType = wrapper.cfbundle; includeInIndex = 0; path = MaintenanceExpertTests.xctest; sourceTree = BUILT_PRODUCTS_DIR; };
		5768C1F31DB5B7CF0069B421 /* MaintenanceExpertTests.m */ = {isa = PBXFileReference; lastKnownFileType = sourcecode.c.objc; path = MaintenanceExpertTests.m; sourceTree = "<group>"; };
		5768C1F51DB5B7CF0069B421 /* Info.plist */ = {isa = PBXFileReference; lastKnownFileType = text.plist.xml; path = Info.plist; sourceTree = "<group>"; };
		5768C1FA1DB5B7CF0069B421 /* MaintenanceExpertUITests.xctest */ = {isa = PBXFileReference; explicitFileType = wrapper.cfbundle; includeInIndex = 0; path = MaintenanceExpertUITests.xctest; sourceTree = BUILT_PRODUCTS_DIR; };
		5768C1FE1DB5B7CF0069B421 /* MaintenanceExpertUITests.m */ = {isa = PBXFileReference; lastKnownFileType = sourcecode.c.objc; path = MaintenanceExpertUITests.m; sourceTree = "<group>"; };
		5768C2001DB5B7CF0069B421 /* Info.plist */ = {isa = PBXFileReference; lastKnownFileType = text.plist.xml; path = Info.plist; sourceTree = "<group>"; };
		5768C2271DB5B9050069B421 /* AppDelegate.h */ = {isa = PBXFileReference; fileEncoding = 4; lastKnownFileType = sourcecode.c.h; path = AppDelegate.h; sourceTree = "<group>"; };
		5768C2281DB5B9050069B421 /* AppDelegate.m */ = {isa = PBXFileReference; fileEncoding = 4; lastKnownFileType = sourcecode.c.objc; path = AppDelegate.m; sourceTree = "<group>"; };
		5768C2291DB5B9050069B421 /* main.m */ = {isa = PBXFileReference; fileEncoding = 4; lastKnownFileType = sourcecode.c.objc; path = main.m; sourceTree = "<group>"; };
		5768C22A1DB5B9050069B421 /* ViewController.h */ = {isa = PBXFileReference; fileEncoding = 4; lastKnownFileType = sourcecode.c.h; path = ViewController.h; sourceTree = "<group>"; };
		5768C22B1DB5B9050069B421 /* ViewController.m */ = {isa = PBXFileReference; fileEncoding = 4; lastKnownFileType = sourcecode.c.objc; path = ViewController.m; sourceTree = "<group>"; };
		5768C2341DB5B9AA0069B421 /* ZSTabBarController.h */ = {isa = PBXFileReference; fileEncoding = 4; lastKnownFileType = sourcecode.c.h; path = ZSTabBarController.h; sourceTree = "<group>"; };
		5768C2351DB5B9AA0069B421 /* ZSTabBarController.m */ = {isa = PBXFileReference; fileEncoding = 4; lastKnownFileType = sourcecode.c.objc; path = ZSTabBarController.m; sourceTree = "<group>"; };
		5768C2371DB5B9DE0069B421 /* ZSNavigationController.h */ = {isa = PBXFileReference; fileEncoding = 4; lastKnownFileType = sourcecode.c.h; path = ZSNavigationController.h; sourceTree = "<group>"; };
		5768C2381DB5B9DE0069B421 /* ZSNavigationController.m */ = {isa = PBXFileReference; fileEncoding = 4; lastKnownFileType = sourcecode.c.objc; path = ZSNavigationController.m; sourceTree = "<group>"; };
		5768C23D1DB5BAFC0069B421 /* ZSOrderViewController.h */ = {isa = PBXFileReference; fileEncoding = 4; lastKnownFileType = sourcecode.c.h; path = ZSOrderViewController.h; sourceTree = "<group>"; };
		5768C23E1DB5BAFC0069B421 /* ZSOrderViewController.m */ = {isa = PBXFileReference; fileEncoding = 4; lastKnownFileType = sourcecode.c.objc; path = ZSOrderViewController.m; sourceTree = "<group>"; };
		5768C2401DB5BB1E0069B421 /* ZSEditAndReceiveViewController.h */ = {isa = PBXFileReference; fileEncoding = 4; lastKnownFileType = sourcecode.c.h; path = ZSEditAndReceiveViewController.h; sourceTree = "<group>"; };
		5768C2411DB5BB1E0069B421 /* ZSEditAndReceiveViewController.m */ = {isa = PBXFileReference; fileEncoding = 4; lastKnownFileType = sourcecode.c.objc; path = ZSEditAndReceiveViewController.m; sourceTree = "<group>"; };
		5768C2431DB5BB2C0069B421 /* ZSMessageViewController.h */ = {isa = PBXFileReference; fileEncoding = 4; lastKnownFileType = sourcecode.c.h; path = ZSMessageViewController.h; sourceTree = "<group>"; };
		5768C2441DB5BB2C0069B421 /* ZSMessageViewController.m */ = {isa = PBXFileReference; fileEncoding = 4; lastKnownFileType = sourcecode.c.objc; path = ZSMessageViewController.m; sourceTree = "<group>"; };
		5768C2461DB5BB390069B421 /* ZSMineViewController.h */ = {isa = PBXFileReference; fileEncoding = 4; lastKnownFileType = sourcecode.c.h; path = ZSMineViewController.h; sourceTree = "<group>"; };
		5768C2471DB5BB390069B421 /* ZSMineViewController.m */ = {isa = PBXFileReference; fileEncoding = 4; lastKnownFileType = sourcecode.c.objc; path = ZSMineViewController.m; sourceTree = "<group>"; };
		5768C24C1DB5BC3A0069B421 /* UIView+ZSExtension.h */ = {isa = PBXFileReference; fileEncoding = 4; lastKnownFileType = sourcecode.c.h; path = "UIView+ZSExtension.h"; sourceTree = "<group>"; };
		5768C24D1DB5BC3A0069B421 /* UIView+ZSExtension.m */ = {isa = PBXFileReference; fileEncoding = 4; lastKnownFileType = sourcecode.c.objc; path = "UIView+ZSExtension.m"; sourceTree = "<group>"; };
		5768C24F1DB5BC600069B421 /* UIImage+Image.h */ = {isa = PBXFileReference; fileEncoding = 4; lastKnownFileType = sourcecode.c.h; path = "UIImage+Image.h"; sourceTree = "<group>"; };
		5768C2501DB5BC600069B421 /* UIImage+Image.m */ = {isa = PBXFileReference; fileEncoding = 4; lastKnownFileType = sourcecode.c.objc; path = "UIImage+Image.m"; sourceTree = "<group>"; };
		5768C2521DB5BD4C0069B421 /* ZSTabBar.h */ = {isa = PBXFileReference; fileEncoding = 4; lastKnownFileType = sourcecode.c.h; path = ZSTabBar.h; sourceTree = "<group>"; };
		5768C2531DB5BD4C0069B421 /* ZSTabBar.m */ = {isa = PBXFileReference; fileEncoding = 4; lastKnownFileType = sourcecode.c.objc; path = ZSTabBar.m; sourceTree = "<group>"; };
		576CBA721DCAC48300514182 /* myimgeview.h */ = {isa = PBXFileReference; fileEncoding = 4; lastKnownFileType = sourcecode.c.h; path = myimgeview.h; sourceTree = "<group>"; };
		576CBA731DCAC48300514182 /* myimgeview.m */ = {isa = PBXFileReference; fileEncoding = 4; lastKnownFileType = sourcecode.c.objc; path = myimgeview.m; sourceTree = "<group>"; };
		576CBA751DCAC4B200514182 /* ZSAlertView.h */ = {isa = PBXFileReference; fileEncoding = 4; lastKnownFileType = sourcecode.c.h; path = ZSAlertView.h; sourceTree = "<group>"; };
		576CBA761DCAC4B200514182 /* ZSAlertView.m */ = {isa = PBXFileReference; fileEncoding = 4; lastKnownFileType = sourcecode.c.objc; path = ZSAlertView.m; sourceTree = "<group>"; };
		5771FDE31DBDE1B400003DCC /* XLWaveView.h */ = {isa = PBXFileReference; fileEncoding = 4; lastKnownFileType = sourcecode.c.h; path = XLWaveView.h; sourceTree = "<group>"; };
		5771FDE41DBDE1B400003DCC /* XLWaveView.m */ = {isa = PBXFileReference; fileEncoding = 4; lastKnownFileType = sourcecode.c.objc; path = XLWaveView.m; sourceTree = "<group>"; };
		577832CF1DD5B86F00BADA93 /* ZSHomeViewController.h */ = {isa = PBXFileReference; fileEncoding = 4; lastKnownFileType = sourcecode.c.h; path = ZSHomeViewController.h; sourceTree = "<group>"; };
		577832D01DD5B86F00BADA93 /* ZSHomeViewController.m */ = {isa = PBXFileReference; fileEncoding = 4; lastKnownFileType = sourcecode.c.objc; path = ZSHomeViewController.m; sourceTree = "<group>"; };
		577832D11DD5B86F00BADA93 /* ZSMapAroundViewController.h */ = {isa = PBXFileReference; fileEncoding = 4; lastKnownFileType = sourcecode.c.h; path = ZSMapAroundViewController.h; sourceTree = "<group>"; };
		577832D21DD5B86F00BADA93 /* ZSMapAroundViewController.m */ = {isa = PBXFileReference; fileEncoding = 4; lastKnownFileType = sourcecode.c.objc; path = ZSMapAroundViewController.m; sourceTree = "<group>"; };
		577832D41DD5B86F00BADA93 /* ZSHomeMapView.h */ = {isa = PBXFileReference; fileEncoding = 4; lastKnownFileType = sourcecode.c.h; path = ZSHomeMapView.h; sourceTree = "<group>"; };
		577832D51DD5B86F00BADA93 /* ZSHomeMapView.m */ = {isa = PBXFileReference; fileEncoding = 4; lastKnownFileType = sourcecode.c.objc; path = ZSHomeMapView.m; sourceTree = "<group>"; };
		577832D61DD5B86F00BADA93 /* ZSHomeTableViewCell.h */ = {isa = PBXFileReference; fileEncoding = 4; lastKnownFileType = sourcecode.c.h; path = ZSHomeTableViewCell.h; sourceTree = "<group>"; };
		577832D71DD5B86F00BADA93 /* ZSHomeTableViewCell.m */ = {isa = PBXFileReference; fileEncoding = 4; lastKnownFileType = sourcecode.c.objc; path = ZSHomeTableViewCell.m; sourceTree = "<group>"; };
		5787E8941DB866E40062249F /* ZSLoginViewController.h */ = {isa = PBXFileReference; fileEncoding = 4; lastKnownFileType = sourcecode.c.h; name = ZSLoginViewController.h; path = ../Controller/ZSLoginViewController.h; sourceTree = "<group>"; };
		5787E8951DB866E40062249F /* ZSLoginViewController.m */ = {isa = PBXFileReference; fileEncoding = 4; lastKnownFileType = sourcecode.c.objc; name = ZSLoginViewController.m; path = ../Controller/ZSLoginViewController.m; sourceTree = "<group>"; };
		5787E89D1DB8A9250062249F /* UIbutton.h */ = {isa = PBXFileReference; fileEncoding = 4; lastKnownFileType = sourcecode.c.h; name = UIbutton.h; path = MaintenanceExpert/Main/Controller/UIbutton.h; sourceTree = SOURCE_ROOT; };
		5787E89E1DB8A9250062249F /* UIbutton.m */ = {isa = PBXFileReference; fileEncoding = 4; lastKnownFileType = sourcecode.c.objc; name = UIbutton.m; path = MaintenanceExpert/Main/Controller/UIbutton.m; sourceTree = SOURCE_ROOT; };
		578B70B31DC0775600453A18 /* ZSSettingViewController.h */ = {isa = PBXFileReference; fileEncoding = 4; lastKnownFileType = sourcecode.c.h; path = ZSSettingViewController.h; sourceTree = "<group>"; };
		578B70B41DC0775600453A18 /* ZSSettingViewController.m */ = {isa = PBXFileReference; fileEncoding = 4; lastKnownFileType = sourcecode.c.objc; path = ZSSettingViewController.m; sourceTree = "<group>"; };
		578B711D1DC0AAC700453A18 /* XWPopMenuController.h */ = {isa = PBXFileReference; fileEncoding = 4; lastKnownFileType = sourcecode.c.h; path = XWPopMenuController.h; sourceTree = "<group>"; };
		578B711E1DC0AAC700453A18 /* XWPopMenuController.m */ = {isa = PBXFileReference; fileEncoding = 4; lastKnownFileType = sourcecode.c.objc; path = XWPopMenuController.m; sourceTree = "<group>"; };
		578B71221DC0AB2C00453A18 /* OneViewController.h */ = {isa = PBXFileReference; fileEncoding = 4; lastKnownFileType = sourcecode.c.h; path = OneViewController.h; sourceTree = "<group>"; };
		578B71231DC0AB2C00453A18 /* OneViewController.m */ = {isa = PBXFileReference; fileEncoding = 4; lastKnownFileType = sourcecode.c.objc; path = OneViewController.m; sourceTree = "<group>"; };
		578B71241DC0AB2C00453A18 /* ThreeViewController.h */ = {isa = PBXFileReference; fileEncoding = 4; lastKnownFileType = sourcecode.c.h; path = ThreeViewController.h; sourceTree = "<group>"; };
		578B71251DC0AB2C00453A18 /* ThreeViewController.m */ = {isa = PBXFileReference; fileEncoding = 4; lastKnownFileType = sourcecode.c.objc; path = ThreeViewController.m; sourceTree = "<group>"; };
		57AAB6991DD3109300C8707B /* MapKit.framework */ = {isa = PBXFileReference; lastKnownFileType = wrapper.framework; name = MapKit.framework; path = System/Library/Frameworks/MapKit.framework; sourceTree = SDKROOT; };
		57AAB69B1DD310E600C8707B /* CoreLocation.framework */ = {isa = PBXFileReference; lastKnownFileType = wrapper.framework; name = CoreLocation.framework; path = System/Library/Frameworks/CoreLocation.framework; sourceTree = SDKROOT; };
		57D7E1E21DB9AACA005E69E2 /* ZSChangePasswordVC.h */ = {isa = PBXFileReference; fileEncoding = 4; lastKnownFileType = sourcecode.c.h; path = ZSChangePasswordVC.h; sourceTree = "<group>"; };
		57D7E1E31DB9AACA005E69E2 /* ZSChangePasswordVC.m */ = {isa = PBXFileReference; fileEncoding = 4; lastKnownFileType = sourcecode.c.objc; path = ZSChangePasswordVC.m; sourceTree = "<group>"; };
		57D7E1FA1DB9E378005E69E2 /* ZSMessageView.h */ = {isa = PBXFileReference; fileEncoding = 4; lastKnownFileType = sourcecode.c.h; path = ZSMessageView.h; sourceTree = "<group>"; };
		57D7E1FB1DB9E378005E69E2 /* ZSMessageView.m */ = {isa = PBXFileReference; fileEncoding = 4; lastKnownFileType = sourcecode.c.objc; path = ZSMessageView.m; sourceTree = "<group>"; };
		6528092F46243E4DB761EA15 /* libPods-MaintenanceExpert.a */ = {isa = PBXFileReference; explicitFileType = archive.ar; includeInIndex = 0; path = "libPods-MaintenanceExpert.a"; sourceTree = BUILT_PRODUCTS_DIR; };
		CC9CB1DA0ADD916D7022FE2C /* Pods-MaintenanceExpert.debug.xcconfig */ = {isa = PBXFileReference; includeInIndex = 1; lastKnownFileType = text.xcconfig; name = "Pods-MaintenanceExpert.debug.xcconfig"; path = "Pods/Target Support Files/Pods-MaintenanceExpert/Pods-MaintenanceExpert.debug.xcconfig"; sourceTree = "<group>"; };
		EF99949DBB471B496024858D /* Pods-MaintenanceExpert.release.xcconfig */ = {isa = PBXFileReference; includeInIndex = 1; lastKnownFileType = text.xcconfig; name = "Pods-MaintenanceExpert.release.xcconfig"; path = "Pods/Target Support Files/Pods-MaintenanceExpert/Pods-MaintenanceExpert.release.xcconfig"; sourceTree = "<group>"; };
/* End PBXFileReference section */

/* Begin PBXFrameworksBuildPhase section */
		5768C1D31DB5B7CF0069B421 /* Frameworks */ = {
			isa = PBXFrameworksBuildPhase;
			buildActionMask = 2147483647;
			files = (
				57AAB69C1DD310E600C8707B /* CoreLocation.framework in Frameworks */,
				57AAB69A1DD3109300C8707B /* MapKit.framework in Frameworks */,
				81A2D96C1A28D1EBC4B17F4E /* libPods-MaintenanceExpert.a in Frameworks */,
			);
			runOnlyForDeploymentPostprocessing = 0;
		};
		5768C1EC1DB5B7CF0069B421 /* Frameworks */ = {
			isa = PBXFrameworksBuildPhase;
			buildActionMask = 2147483647;
			files = (
			);
			runOnlyForDeploymentPostprocessing = 0;
		};
		5768C1F71DB5B7CF0069B421 /* Frameworks */ = {
			isa = PBXFrameworksBuildPhase;
			buildActionMask = 2147483647;
			files = (
			);
			runOnlyForDeploymentPostprocessing = 0;
		};
/* End PBXFrameworksBuildPhase section */

/* Begin PBXGroup section */
		30CA2FA61DD9A345007A5F52 /* Tool */ = {
			isa = PBXGroup;
			children = (
				30CA2FA71DD9A345007A5F52 /* XRCarouselView */,
			);
			path = Tool;
			sourceTree = "<group>";
		};
		30CA2FA71DD9A345007A5F52 /* XRCarouselView */ = {
			isa = PBXGroup;
			children = (
				30CA2FA81DD9A345007A5F52 /* XRCarouselView.h */,
				30CA2FA91DD9A345007A5F52 /* XRCarouselView.m */,
				30CA2FAA1DD9A345007A5F52 /* XRPlaceholder.png */,
			);
			path = XRCarouselView;
			sourceTree = "<group>";
		};
		30E316981DCB36D200B6ADA4 /* View */ = {
			isa = PBXGroup;
			children = (
				30E316991DCB36D200B6ADA4 /* ZSLeftTableViewCell.h */,
				30E3169A1DCB36D200B6ADA4 /* ZSLeftTableViewCell.m */,
				30E3169B1DCB36D200B6ADA4 /* ZSRightTableViewCell.h */,
				30E3169C1DCB36D200B6ADA4 /* ZSRightTableViewCell.m */,
				30F6C5AD1DD1B907009E766C /* ZSDetailsTableViewCell.h */,
				30F6C5AE1DD1B907009E766C /* ZSDetailsTableViewCell.m */,
			);
			path = View;
			sourceTree = "<group>";
		};
		30E3169F1DCB37F800B6ADA4 /* TwoNeed */ = {
			isa = PBXGroup;
			children = (
				30F6C4A81DD198F3009E766C /* ZLShowBigImage.h */,
				30F6C4A91DD198F3009E766C /* ZLShowBigImage.m */,
				30E316A01DCB37F800B6ADA4 /* HXTagsView.h */,
				30E316A11DCB37F800B6ADA4 /* HXTagsView.m */,
				30E316A21DCB37F800B6ADA4 /* ZSFitterControl.h */,
				30E316A31DCB37F800B6ADA4 /* ZSFitterControl.m */,
			);
			path = TwoNeed;
			sourceTree = "<group>";
		};
		30F6C5581DD1AA67009E766C /* PhotoBrowser */ = {
			isa = PBXGroup;
			children = (
				30F6C5591DD1AA67009E766C /* NSBundle+ZLPhotoBrowser.h */,
				30F6C55A1DD1AA67009E766C /* NSBundle+ZLPhotoBrowser.m */,
				30F6C55B1DD1AA67009E766C /* resource */,
				30F6C5701DD1AA67009E766C /* ToastUtils.h */,
				30F6C5711DD1AA67009E766C /* ToastUtils.m */,
				30F6C5721DD1AA67009E766C /* ZLBigImageCell.h */,
				30F6C5731DD1AA67009E766C /* ZLBigImageCell.m */,
				30F6C5741DD1AA67009E766C /* ZLCollectionCell.h */,
				30F6C5751DD1AA67009E766C /* ZLCollectionCell.m */,
				30F6C5761DD1AA67009E766C /* ZLDefine.h */,
				30F6C5771DD1AA67009E766C /* ZLNoAuthorityViewController.h */,
				30F6C5781DD1AA67009E766C /* ZLNoAuthorityViewController.m */,
				30F6C5791DD1AA67009E766C /* ZLPhotoActionSheet.h */,
				30F6C57A1DD1AA67009E766C /* ZLPhotoActionSheet.m */,
				30F6C57B1DD1AA67009E766C /* ZLPhotoBrowser.h */,
				30F6C57C1DD1AA67009E766C /* ZLPhotoBrowser.m */,
				30F6C57D1DD1AA67009E766C /* ZLPhotoBrowserCell.h */,
				30F6C57E1DD1AA67009E766C /* ZLPhotoBrowserCell.m */,
				30F6C57F1DD1AA67009E766C /* ZLPhotoTool.h */,
				30F6C5801DD1AA67009E766C /* ZLPhotoTool.m */,
				30F6C5811DD1AA67009E766C /* ZLProgressHUD.h */,
				30F6C5821DD1AA67009E766C /* ZLProgressHUD.m */,
				30F6C5831DD1AA67009E766C /* ZLSelectPhotoModel.h */,
				30F6C5841DD1AA67009E766C /* ZLSelectPhotoModel.m */,
				30F6C5851DD1AA67009E766C /* ZLShowBigImgViewController.h */,
				30F6C5861DD1AA67009E766C /* ZLShowBigImgViewController.m */,
				30F6C5871DD1AA67009E766C /* ZLThumbnailViewController.h */,
				30F6C5881DD1AA67009E766C /* ZLThumbnailViewController.m */,
			);
			path = PhotoBrowser;
			sourceTree = "<group>";
		};
		30F6C55B1DD1AA67009E766C /* resource */ = {
			isa = PBXGroup;
			children = (
				305EA8D01DD2BAEE00C33F41 /* ZLPhotoBrowser.bundle */,
				30F6C56A1DD1AA67009E766C /* ZLCollectionCell.xib */,
				30F6C56B1DD1AA67009E766C /* ZLNoAuthorityViewController.xib */,
				30F6C56C1DD1AA67009E766C /* ZLPhotoActionSheet.xib */,
				30F6C56E1DD1AA67009E766C /* ZLPhotoBrowserCell.xib */,
				30F6C56F1DD1AA67009E766C /* ZLThumbnailViewController.xib */,
			);
			path = resource;
			sourceTree = "<group>";
		};
		57075D351DC31B9000693E85 /* BBInputKit */ = {
			isa = PBXGroup;
			children = (
				57075D361DC31B9000693E85 /* BBInput.h */,
				57075D371DC31B9000693E85 /* BBInput.m */,
				57075D381DC31B9000693E85 /* BBInputView.h */,
				57075D391DC31B9000693E85 /* BBInputView.m */,
				57075D3A1DC31B9000693E85 /* BBInputView.xib */,
			);
			path = BBInputKit;
			sourceTree = "<group>";
		};
		57075DF61DC347D400693E85 /* Layouts */ = {
			isa = PBXGroup;
			children = (
				57075DF71DC347D400693E85 /* TWSpringyFlowLayout.h */,
				57075DF81DC347D400693E85 /* TWSpringyFlowLayout.m */,
			);
			path = Layouts;
			sourceTree = "<group>";
		};
		572F89721DC71C660076E2D8 /* Model */ = {
			isa = PBXGroup;
			children = (
				571069241DCB2E9A005481B4 /* ZSDetailOrderModel.h */,
				571069251DCB2E9A005481B4 /* ZSDetailOrderModel.m */,
			);
			path = Model;
			sourceTree = "<group>";
		};
		572F89731DC71C660076E2D8 /* Tool */ = {
			isa = PBXGroup;
			children = (
				30E3169F1DCB37F800B6ADA4 /* TwoNeed */,
				5753F0531DC824EC001D95D6 /* Single */,
				5753F04C1DC824E7001D95D6 /* Date */,
				5753F0461DC824A6001D95D6 /* Area */,
				572F8A061DC727E50076E2D8 /* STConfig */,
				572F8A0E1DC727E60076E2D8 /* STPickerView */,
			);
			path = Tool;
			sourceTree = "<group>";
		};
		572F8A061DC727E50076E2D8 /* STConfig */ = {
			isa = PBXGroup;
			children = (
				572F8A071DC727E50076E2D8 /* STConfig.h */,
				572F8A081DC727E50076E2D8 /* STConst.h */,
				572F8A091DC727E50076E2D8 /* STConst.m */,
				572F8A0A1DC727E50076E2D8 /* STUI.h */,
				572F8A0B1DC727E50076E2D8 /* STUI.m */,
			);
			path = STConfig;
			sourceTree = "<group>";
		};
		572F8A0E1DC727E60076E2D8 /* STPickerView */ = {
			isa = PBXGroup;
			children = (
				572F8A0F1DC727E60076E2D8 /* STPickerView.h */,
				572F8A101DC727E60076E2D8 /* STPickerView.m */,
			);
			path = STPickerView;
			sourceTree = "<group>";
		};
		5753F0461DC824A6001D95D6 /* Area */ = {
			isa = PBXGroup;
			children = (
				5753F0471DC824A6001D95D6 /* area.plist */,
				5753F0481DC824A6001D95D6 /* STPickerArea.h */,
				5753F0491DC824A6001D95D6 /* STPickerArea.m */,
			);
			path = Area;
			sourceTree = "<group>";
		};
		5753F04C1DC824E7001D95D6 /* Date */ = {
			isa = PBXGroup;
			children = (
				5753F04D1DC824E7001D95D6 /* NSCalendar+ST.h */,
				5753F04E1DC824E7001D95D6 /* NSCalendar+ST.m */,
				5753F04F1DC824E7001D95D6 /* STPickerDate.h */,
				5753F0501DC824E7001D95D6 /* STPickerDate.m */,
			);
			path = Date;
			sourceTree = "<group>";
		};
		5753F0531DC824EC001D95D6 /* Single */ = {
			isa = PBXGroup;
			children = (
				5753F0541DC824EC001D95D6 /* STPickerSingle.h */,
				5753F0551DC824EC001D95D6 /* STPickerSingle.m */,
			);
			path = Single;
			sourceTree = "<group>";
		};
		5768C1CD1DB5B7CF0069B421 = {
			isa = PBXGroup;
			children = (
				5768C1D81DB5B7CF0069B421 /* MaintenanceExpert */,
				5768C1F21DB5B7CF0069B421 /* MaintenanceExpertTests */,
				5768C1FD1DB5B7CF0069B421 /* MaintenanceExpertUITests */,
				5768C1D71DB5B7CF0069B421 /* Products */,
				EC63BC1B2D89A0A769E8CBA5 /* Pods */,
				FAB04BAB2F5204EC9D3DD5DC /* Frameworks */,
			);
			sourceTree = "<group>";
		};
		5768C1D71DB5B7CF0069B421 /* Products */ = {
			isa = PBXGroup;
			children = (
				5768C1D61DB5B7CF0069B421 /* MaintenanceExpert.app */,
				5768C1EF1DB5B7CF0069B421 /* MaintenanceExpertTests.xctest */,
				5768C1FA1DB5B7CF0069B421 /* MaintenanceExpertUITests.xctest */,
			);
			name = Products;
			sourceTree = "<group>";
		};
		5768C1D81DB5B7CF0069B421 /* MaintenanceExpert */ = {
			isa = PBXGroup;
			children = (
				5768C2111DB5B9050069B421 /* Main */,
				577832CD1DD5B86F00BADA93 /* Home */,
				5768C2211DB5B9050069B421 /* Order */,
				5768C22F1DB5B91F0069B421 /* EditAndReceive */,
				5768C2171DB5B9050069B421 /* Message */,
				5768C21C1DB5B9050069B421 /* Mine */,
				5768C2261DB5B9050069B421 /* Other */,
				5768C1E21DB5B7CF0069B421 /* Main.storyboard */,
				5768C1E51DB5B7CF0069B421 /* Assets.xcassets */,
				5768C1E71DB5B7CF0069B421 /* LaunchScreen.storyboard */,
				5768C1EA1DB5B7CF0069B421 /* Info.plist */,
				5768C1D91DB5B7CF0069B421 /* Supporting Files */,
			);
			path = MaintenanceExpert;
			sourceTree = "<group>";
		};
		5768C1D91DB5B7CF0069B421 /* Supporting Files */ = {
			isa = PBXGroup;
			children = (
			);
			name = "Supporting Files";
			sourceTree = "<group>";
		};
		5768C1F21DB5B7CF0069B421 /* MaintenanceExpertTests */ = {
			isa = PBXGroup;
			children = (
				5768C1F31DB5B7CF0069B421 /* MaintenanceExpertTests.m */,
				5768C1F51DB5B7CF0069B421 /* Info.plist */,
			);
			path = MaintenanceExpertTests;
			sourceTree = "<group>";
		};
		5768C1FD1DB5B7CF0069B421 /* MaintenanceExpertUITests */ = {
			isa = PBXGroup;
			children = (
				5768C1FE1DB5B7CF0069B421 /* MaintenanceExpertUITests.m */,
				5768C2001DB5B7CF0069B421 /* Info.plist */,
			);
			path = MaintenanceExpertUITests;
			sourceTree = "<group>";
		};
		5768C2111DB5B9050069B421 /* Main */ = {
			isa = PBXGroup;
			children = (
				5768C2121DB5B9050069B421 /* Category */,
				5768C2131DB5B9050069B421 /* Controller */,
				5768C2141DB5B9050069B421 /* Model */,
				5768C2151DB5B9050069B421 /* Tool */,
				5768C2161DB5B9050069B421 /* View */,
			);
			path = Main;
			sourceTree = "<group>";
		};
		5768C2121DB5B9050069B421 /* Category */ = {
			isa = PBXGroup;
			children = (
				5768C24C1DB5BC3A0069B421 /* UIView+ZSExtension.h */,
				5768C24D1DB5BC3A0069B421 /* UIView+ZSExtension.m */,
				5768C24F1DB5BC600069B421 /* UIImage+Image.h */,
				5768C2501DB5BC600069B421 /* UIImage+Image.m */,
			);
			path = Category;
			sourceTree = "<group>";
		};
		5768C2131DB5B9050069B421 /* Controller */ = {
			isa = PBXGroup;
			children = (
				5768C2341DB5B9AA0069B421 /* ZSTabBarController.h */,
				5768C2351DB5B9AA0069B421 /* ZSTabBarController.m */,
				5768C2371DB5B9DE0069B421 /* ZSNavigationController.h */,
				5768C2381DB5B9DE0069B421 /* ZSNavigationController.m */,
				57D7E1E21DB9AACA005E69E2 /* ZSChangePasswordVC.h */,
				57D7E1E31DB9AACA005E69E2 /* ZSChangePasswordVC.m */,
				57599A631DB9A520007BC223 /* ZSRegisterViewController.h */,
				57599A641DB9A520007BC223 /* ZSRegisterViewController.m */,
				57599A611DB9A520007BC223 /* ZSRegisterCustomerVC.h */,
				57599A621DB9A520007BC223 /* ZSRegisterCustomerVC.m */,
			);
			path = Controller;
			sourceTree = "<group>";
		};
		5768C2141DB5B9050069B421 /* Model */ = {
			isa = PBXGroup;
			children = (
			);
			path = Model;
			sourceTree = "<group>";
		};
		5768C2151DB5B9050069B421 /* Tool */ = {
			isa = PBXGroup;
			children = (
				5787E89D1DB8A9250062249F /* UIbutton.h */,
				5787E89E1DB8A9250062249F /* UIbutton.m */,
			);
			path = Tool;
			sourceTree = "<group>";
		};
		5768C2161DB5B9050069B421 /* View */ = {
			isa = PBXGroup;
			children = (
				5768C2521DB5BD4C0069B421 /* ZSTabBar.h */,
				5768C2531DB5BD4C0069B421 /* ZSTabBar.m */,
				5787E8941DB866E40062249F /* ZSLoginViewController.h */,
				5787E8951DB866E40062249F /* ZSLoginViewController.m */,
				57D7E1FA1DB9E378005E69E2 /* ZSMessageView.h */,
				57D7E1FB1DB9E378005E69E2 /* ZSMessageView.m */,
			);
			path = View;
			sourceTree = "<group>";
		};
		5768C2171DB5B9050069B421 /* Message */ = {
			isa = PBXGroup;
			children = (
				5768C2181DB5B9050069B421 /* Controller */,
				5768C2191DB5B9050069B421 /* Model */,
				5768C21A1DB5B9050069B421 /* Tool */,
				5768C21B1DB5B9050069B421 /* View */,
			);
			path = Message;
			sourceTree = "<group>";
		};
		5768C2181DB5B9050069B421 /* Controller */ = {
			isa = PBXGroup;
			children = (
				5768C2431DB5BB2C0069B421 /* ZSMessageViewController.h */,
				5768C2441DB5BB2C0069B421 /* ZSMessageViewController.m */,
			);
			path = Controller;
			sourceTree = "<group>";
		};
		5768C2191DB5B9050069B421 /* Model */ = {
			isa = PBXGroup;
			children = (
			);
			path = Model;
			sourceTree = "<group>";
		};
		5768C21A1DB5B9050069B421 /* Tool */ = {
			isa = PBXGroup;
			children = (
			);
			path = Tool;
			sourceTree = "<group>";
		};
		5768C21B1DB5B9050069B421 /* View */ = {
			isa = PBXGroup;
			children = (
				57075DF61DC347D400693E85 /* Layouts */,
				57075DFA1DC3480200693E85 /* ZSMessageViewCell.h */,
				57075DFB1DC3480200693E85 /* ZSMessageViewCell.m */,
			);
			path = View;
			sourceTree = "<group>";
		};
		5768C21C1DB5B9050069B421 /* Mine */ = {
			isa = PBXGroup;
			children = (
				5768C21D1DB5B9050069B421 /* Controller */,
				5768C21E1DB5B9050069B421 /* Model */,
				5768C21F1DB5B9050069B421 /* Tool */,
				5768C2201DB5B9050069B421 /* View */,
			);
			path = Mine;
			sourceTree = "<group>";
		};
		5768C21D1DB5B9050069B421 /* Controller */ = {
			isa = PBXGroup;
			children = (
				5768C2461DB5BB390069B421 /* ZSMineViewController.h */,
				5768C2471DB5BB390069B421 /* ZSMineViewController.m */,
				30D761291DD94F92002F3983 /* ZSBalanceViewController.h */,
				30D7612A1DD94F92002F3983 /* ZSBalanceViewController.m */,
				30D7612C1DD94FB4002F3983 /* ZSFamilyViewController.h */,
				30D7612D1DD94FB4002F3983 /* ZSFamilyViewController.m */,
				30D7612F1DD94FCA002F3983 /* ZSHelpViewController.h */,
				30D761301DD94FCA002F3983 /* ZSHelpViewController.m */,
				578B70B31DC0775600453A18 /* ZSSettingViewController.h */,
				578B70B41DC0775600453A18 /* ZSSettingViewController.m */,
				5712447C1DC1DE97009CBE66 /* ZSMineInfoViewController.h */,
				5712447D1DC1DE97009CBE66 /* ZSMineInfoViewController.m */,
			);
			path = Controller;
			sourceTree = "<group>";
		};
		5768C21E1DB5B9050069B421 /* Model */ = {
			isa = PBXGroup;
			children = (
				57075D3E1DC3205F00693E85 /* MineInfModel.h */,
				57075D3F1DC3205F00693E85 /* MineInfModel.m */,
			);
			path = Model;
			sourceTree = "<group>";
		};
		5768C21F1DB5B9050069B421 /* Tool */ = {
			isa = PBXGroup;
			children = (
			);
			path = Tool;
			sourceTree = "<group>";
		};
		5768C2201DB5B9050069B421 /* View */ = {
			isa = PBXGroup;
			children = (
				57075D351DC31B9000693E85 /* BBInputKit */,
				57075D321DC31B4400693E85 /* UIViewController+SelectPhotoIcon.h */,
				57075D331DC31B4400693E85 /* UIViewController+SelectPhotoIcon.m */,
			);
			path = View;
			sourceTree = "<group>";
		};
		5768C2211DB5B9050069B421 /* Order */ = {
			isa = PBXGroup;
			children = (
				5768C2221DB5B9050069B421 /* Controller */,
				5768C2231DB5B9050069B421 /* Model */,
				5768C2241DB5B9050069B421 /* Tool */,
				30E316981DCB36D200B6ADA4 /* View */,
			);
			path = Order;
			sourceTree = "<group>";
		};
		5768C2221DB5B9050069B421 /* Controller */ = {
			isa = PBXGroup;
			children = (
				5768C23D1DB5BAFC0069B421 /* ZSOrderViewController.h */,
				5768C23E1DB5BAFC0069B421 /* ZSOrderViewController.m */,
				30F6C5B01DD1BBF1009E766C /* ZSDetailsViewController.h */,
				30F6C5B11DD1BBF1009E766C /* ZSDetailsViewController.m */,
			);
			path = Controller;
			sourceTree = "<group>";
		};
		5768C2231DB5B9050069B421 /* Model */ = {
			isa = PBXGroup;
			children = (
			);
			path = Model;
			sourceTree = "<group>";
		};
		5768C2241DB5B9050069B421 /* Tool */ = {
			isa = PBXGroup;
			children = (
			);
			path = Tool;
			sourceTree = "<group>";
		};
		5768C2261DB5B9050069B421 /* Other */ = {
			isa = PBXGroup;
			children = (
				30F6C5581DD1AA67009E766C /* PhotoBrowser */,
				5771FDE21DBDE1B400003DCC /* View */,
				5768C2271DB5B9050069B421 /* AppDelegate.h */,
				5768C2281DB5B9050069B421 /* AppDelegate.m */,
				5768C2291DB5B9050069B421 /* main.m */,
				5768C22A1DB5B9050069B421 /* ViewController.h */,
				5768C22B1DB5B9050069B421 /* ViewController.m */,
				30F6C4AB1DD1A60C009E766C /* PrefixHeader.pch */,
			);
			path = Other;
			sourceTree = "<group>";
		};
		5768C22F1DB5B91F0069B421 /* EditAndReceive */ = {
			isa = PBXGroup;
			children = (
				5768C2301DB5B91F0069B421 /* Controller */,
				572F89721DC71C660076E2D8 /* Model */,
				572F89731DC71C660076E2D8 /* Tool */,
				5768C2331DB5B91F0069B421 /* View */,
			);
			path = EditAndReceive;
			sourceTree = "<group>";
		};
		5768C2301DB5B91F0069B421 /* Controller */ = {
			isa = PBXGroup;
			children = (
				578B711D1DC0AAC700453A18 /* XWPopMenuController.h */,
				578B711E1DC0AAC700453A18 /* XWPopMenuController.m */,
				5768C2401DB5BB1E0069B421 /* ZSEditAndReceiveViewController.h */,
				5768C2411DB5BB1E0069B421 /* ZSEditAndReceiveViewController.m */,
				578B71221DC0AB2C00453A18 /* OneViewController.h */,
				578B71231DC0AB2C00453A18 /* OneViewController.m */,
				30E316AC1DCB386300B6ADA4 /* TwoViewController.h */,
				30E316AD1DCB386300B6ADA4 /* TwoViewController.m */,
				300061D51DD023F6000D1BD5 /* TwoDetailsViewController.h */,
				300061D61DD023F6000D1BD5 /* TwoDetailsViewController.m */,
				300061DE1DD054FF000D1BD5 /* TwoPayTypeViewController.h */,
				300061DF1DD054FF000D1BD5 /* TwoPayTypeViewController.m */,
				578B71241DC0AB2C00453A18 /* ThreeViewController.h */,
				578B71251DC0AB2C00453A18 /* ThreeViewController.m */,
				571069181DCB0530005481B4 /* Stepfirst.h */,
				571069191DCB0530005481B4 /* Stepfirst.m */,
				5710691B1DCB054D005481B4 /* Stepsecond.h */,
				5710691C1DCB054D005481B4 /* Stepsecond.m */,
				5710691E1DCB055E005481B4 /* Stepthird.h */,
				5710691F1DCB055E005481B4 /* Stepthird.m */,
			);
			path = Controller;
			sourceTree = "<group>";
		};
		5768C2331DB5B91F0069B421 /* View */ = {
			isa = PBXGroup;
			children = (
				30E316AF1DCB389500B6ADA4 /* TwoCollectionViewCell.h */,
				30E316B01DCB389500B6ADA4 /* TwoCollectionViewCell.m */,
				300061DB1DD0542C000D1BD5 /* TwoDetailsTabViewCell.h */,
				300061DC1DD0542C000D1BD5 /* TwoDetailsTabViewCell.m */,
				576CBA721DCAC48300514182 /* myimgeview.h */,
				576CBA731DCAC48300514182 /* myimgeview.m */,
				571244331DC1C82E009CBE66 /* PublishMenuButton.h */,
				571244341DC1C82E009CBE66 /* PublishMenuButton.m */,
				571244351DC1C82E009CBE66 /* UIImage+XW.h */,
				571244361DC1C82E009CBE66 /* UIImage+XW.m */,
				576CBA751DCAC4B200514182 /* ZSAlertView.h */,
				576CBA761DCAC4B200514182 /* ZSAlertView.m */,
				30F6C5B61DD1C9AE009E766C /* ZHBtnSelectView.h */,
				30F6C5B71DD1C9AE009E766C /* ZHBtnSelectView.m */,
				30F6C5B91DD1C9D5009E766C /* ZHCustomBtn.h */,
				30F6C5BA1DD1C9D5009E766C /* ZHCustomBtn.m */,
				30F6C5B31DD1C984009E766C /* StepthirdCell.h */,
				30F6C5B41DD1C984009E766C /* StepthirdCell.m */,
			);
			path = View;
			sourceTree = "<group>";
		};
		5771FDE21DBDE1B400003DCC /* View */ = {
			isa = PBXGroup;
			children = (
				5771FDE31DBDE1B400003DCC /* XLWaveView.h */,
				5771FDE41DBDE1B400003DCC /* XLWaveView.m */,
			);
			path = View;
			sourceTree = "<group>";
		};
		577832CD1DD5B86F00BADA93 /* Home */ = {
			isa = PBXGroup;
			children = (
				577832CE1DD5B86F00BADA93 /* Controller */,
				30CA2FA61DD9A345007A5F52 /* Tool */,
				577832D31DD5B86F00BADA93 /* View */,
			);
			name = Home;
			path = MaintenanceExpert/Home;
			sourceTree = SOURCE_ROOT;
		};
		577832CE1DD5B86F00BADA93 /* Controller */ = {
			isa = PBXGroup;
			children = (
				577832CF1DD5B86F00BADA93 /* ZSHomeViewController.h */,
				577832D01DD5B86F00BADA93 /* ZSHomeViewController.m */,
				577832D11DD5B86F00BADA93 /* ZSMapAroundViewController.h */,
				577832D21DD5B86F00BADA93 /* ZSMapAroundViewController.m */,
			);
			path = Controller;
			sourceTree = "<group>";
		};
		577832D31DD5B86F00BADA93 /* View */ = {
			isa = PBXGroup;
			children = (
				577832D41DD5B86F00BADA93 /* ZSHomeMapView.h */,
				577832D51DD5B86F00BADA93 /* ZSHomeMapView.m */,
				577832D61DD5B86F00BADA93 /* ZSHomeTableViewCell.h */,
				577832D71DD5B86F00BADA93 /* ZSHomeTableViewCell.m */,
			);
			path = View;
			sourceTree = "<group>";
		};
		EC63BC1B2D89A0A769E8CBA5 /* Pods */ = {
			isa = PBXGroup;
			children = (
				CC9CB1DA0ADD916D7022FE2C /* Pods-MaintenanceExpert.debug.xcconfig */,
				EF99949DBB471B496024858D /* Pods-MaintenanceExpert.release.xcconfig */,
			);
			name = Pods;
			sourceTree = "<group>";
		};
		FAB04BAB2F5204EC9D3DD5DC /* Frameworks */ = {
			isa = PBXGroup;
			children = (
				57AAB69B1DD310E600C8707B /* CoreLocation.framework */,
				57AAB6991DD3109300C8707B /* MapKit.framework */,
				6528092F46243E4DB761EA15 /* libPods-MaintenanceExpert.a */,
			);
			name = Frameworks;
			sourceTree = "<group>";
		};
/* End PBXGroup section */

/* Begin PBXNativeTarget section */
		5768C1D51DB5B7CF0069B421 /* MaintenanceExpert */ = {
			isa = PBXNativeTarget;
			buildConfigurationList = 5768C2031DB5B7CF0069B421 /* Build configuration list for PBXNativeTarget "MaintenanceExpert" */;
			buildPhases = (
				78F851E48D07313E1CAC9E00 /* [CP] Check Pods Manifest.lock */,
				5768C1D21DB5B7CF0069B421 /* Sources */,
				5768C1D31DB5B7CF0069B421 /* Frameworks */,
				5768C1D41DB5B7CF0069B421 /* Resources */,
				985CE65B7B05611C1400F25C /* [CP] Embed Pods Frameworks */,
				238E7B56C196FC05A8DD5251 /* [CP] Copy Pods Resources */,
			);
			buildRules = (
			);
			dependencies = (
			);
			name = MaintenanceExpert;
			productName = MaintenanceExpert;
			productReference = 5768C1D61DB5B7CF0069B421 /* MaintenanceExpert.app */;
			productType = "com.apple.product-type.application";
		};
		5768C1EE1DB5B7CF0069B421 /* MaintenanceExpertTests */ = {
			isa = PBXNativeTarget;
			buildConfigurationList = 5768C2061DB5B7CF0069B421 /* Build configuration list for PBXNativeTarget "MaintenanceExpertTests" */;
			buildPhases = (
				5768C1EB1DB5B7CF0069B421 /* Sources */,
				5768C1EC1DB5B7CF0069B421 /* Frameworks */,
				5768C1ED1DB5B7CF0069B421 /* Resources */,
			);
			buildRules = (
			);
			dependencies = (
				5768C1F11DB5B7CF0069B421 /* PBXTargetDependency */,
			);
			name = MaintenanceExpertTests;
			productName = MaintenanceExpertTests;
			productReference = 5768C1EF1DB5B7CF0069B421 /* MaintenanceExpertTests.xctest */;
			productType = "com.apple.product-type.bundle.unit-test";
		};
		5768C1F91DB5B7CF0069B421 /* MaintenanceExpertUITests */ = {
			isa = PBXNativeTarget;
			buildConfigurationList = 5768C2091DB5B7CF0069B421 /* Build configuration list for PBXNativeTarget "MaintenanceExpertUITests" */;
			buildPhases = (
				5768C1F61DB5B7CF0069B421 /* Sources */,
				5768C1F71DB5B7CF0069B421 /* Frameworks */,
				5768C1F81DB5B7CF0069B421 /* Resources */,
			);
			buildRules = (
			);
			dependencies = (
				5768C1FC1DB5B7CF0069B421 /* PBXTargetDependency */,
			);
			name = MaintenanceExpertUITests;
			productName = MaintenanceExpertUITests;
			productReference = 5768C1FA1DB5B7CF0069B421 /* MaintenanceExpertUITests.xctest */;
			productType = "com.apple.product-type.bundle.ui-testing";
		};
/* End PBXNativeTarget section */

/* Begin PBXProject section */
		5768C1CE1DB5B7CF0069B421 /* Project object */ = {
			isa = PBXProject;
			attributes = {
				LastUpgradeCheck = 0720;
				ORGANIZATIONNAME = ZSYW;
				TargetAttributes = {
					5768C1D51DB5B7CF0069B421 = {
						CreatedOnToolsVersion = 7.2;
						DevelopmentTeam = 4GG3G7KSXK;
					};
					5768C1EE1DB5B7CF0069B421 = {
						CreatedOnToolsVersion = 7.2;
						DevelopmentTeam = 4GG3G7KSXK;
						TestTargetID = 5768C1D51DB5B7CF0069B421;
					};
					5768C1F91DB5B7CF0069B421 = {
						CreatedOnToolsVersion = 7.2;
						DevelopmentTeam = 4GG3G7KSXK;
						TestTargetID = 5768C1D51DB5B7CF0069B421;
					};
				};
			};
			buildConfigurationList = 5768C1D11DB5B7CF0069B421 /* Build configuration list for PBXProject "MaintenanceExpert" */;
			compatibilityVersion = "Xcode 3.2";
			developmentRegion = English;
			hasScannedForEncodings = 0;
			knownRegions = (
				en,
				Base,
			);
			mainGroup = 5768C1CD1DB5B7CF0069B421;
			productRefGroup = 5768C1D71DB5B7CF0069B421 /* Products */;
			projectDirPath = "";
			projectRoot = "";
			targets = (
				5768C1D51DB5B7CF0069B421 /* MaintenanceExpert */,
				5768C1EE1DB5B7CF0069B421 /* MaintenanceExpertTests */,
				5768C1F91DB5B7CF0069B421 /* MaintenanceExpertUITests */,
			);
		};
/* End PBXProject section */

/* Begin PBXResourcesBuildPhase section */
		5768C1D41DB5B7CF0069B421 /* Resources */ = {
			isa = PBXResourcesBuildPhase;
			buildActionMask = 2147483647;
			files = (
				5768C1E91DB5B7CF0069B421 /* LaunchScreen.storyboard in Resources */,
				30F6C5991DD1AA67009E766C /* ZLNoAuthorityViewController.xib in Resources */,
				5768C1E61DB5B7CF0069B421 /* Assets.xcassets in Resources */,
				5768C1E41DB5B7CF0069B421 /* Main.storyboard in Resources */,
				57075D3D1DC31B9000693E85 /* BBInputView.xib in Resources */,
				30CA2FAC1DD9A345007A5F52 /* XRPlaceholder.png in Resources */,
				5753F04A1DC824A6001D95D6 /* area.plist in Resources */,
				305EA8D11DD2BAEE00C33F41 /* ZLPhotoBrowser.bundle in Resources */,
				30F6C59A1DD1AA67009E766C /* ZLPhotoActionSheet.xib in Resources */,
				30F6C5981DD1AA67009E766C /* ZLCollectionCell.xib in Resources */,
				30F6C59C1DD1AA67009E766C /* ZLPhotoBrowserCell.xib in Resources */,
				30F6C59D1DD1AA67009E766C /* ZLThumbnailViewController.xib in Resources */,
			);
			runOnlyForDeploymentPostprocessing = 0;
		};
		5768C1ED1DB5B7CF0069B421 /* Resources */ = {
			isa = PBXResourcesBuildPhase;
			buildActionMask = 2147483647;
			files = (
			);
			runOnlyForDeploymentPostprocessing = 0;
		};
		5768C1F81DB5B7CF0069B421 /* Resources */ = {
			isa = PBXResourcesBuildPhase;
			buildActionMask = 2147483647;
			files = (
			);
			runOnlyForDeploymentPostprocessing = 0;
		};
/* End PBXResourcesBuildPhase section */

/* Begin PBXShellScriptBuildPhase section */
		238E7B56C196FC05A8DD5251 /* [CP] Copy Pods Resources */ = {
			isa = PBXShellScriptBuildPhase;
			buildActionMask = 2147483647;
			files = (
			);
			inputPaths = (
			);
			name = "[CP] Copy Pods Resources";
			outputPaths = (
			);
			runOnlyForDeploymentPostprocessing = 0;
			shellPath = /bin/sh;
			shellScript = "\"${SRCROOT}/Pods/Target Support Files/Pods-MaintenanceExpert/Pods-MaintenanceExpert-resources.sh\"\n";
			showEnvVarsInLog = 0;
		};
		78F851E48D07313E1CAC9E00 /* [CP] Check Pods Manifest.lock */ = {
			isa = PBXShellScriptBuildPhase;
			buildActionMask = 2147483647;
			files = (
			);
			inputPaths = (
			);
			name = "[CP] Check Pods Manifest.lock";
			outputPaths = (
			);
			runOnlyForDeploymentPostprocessing = 0;
			shellPath = /bin/sh;
			shellScript = "diff \"${PODS_ROOT}/../Podfile.lock\" \"${PODS_ROOT}/Manifest.lock\" > /dev/null\nif [ $? != 0 ] ; then\n    # print error to STDERR\n    echo \"error: The sandbox is not in sync with the Podfile.lock. Run 'pod install' or update your CocoaPods installation.\" >&2\n    exit 1\nfi\n";
			showEnvVarsInLog = 0;
		};
		985CE65B7B05611C1400F25C /* [CP] Embed Pods Frameworks */ = {
			isa = PBXShellScriptBuildPhase;
			buildActionMask = 2147483647;
			files = (
			);
			inputPaths = (
			);
			name = "[CP] Embed Pods Frameworks";
			outputPaths = (
			);
			runOnlyForDeploymentPostprocessing = 0;
			shellPath = /bin/sh;
			shellScript = "\"${SRCROOT}/Pods/Target Support Files/Pods-MaintenanceExpert/Pods-MaintenanceExpert-frameworks.sh\"\n";
			showEnvVarsInLog = 0;
		};
/* End PBXShellScriptBuildPhase section */

/* Begin PBXSourcesBuildPhase section */
		5768C1D21DB5B7CF0069B421 /* Sources */ = {
			isa = PBXSourcesBuildPhase;
			buildActionMask = 2147483647;
			files = (
				576CBA771DCAC4B200514182 /* ZSAlertView.m in Sources */,
				577832DB1DD5B86F00BADA93 /* ZSHomeTableViewCell.m in Sources */,
				57075D401DC3205F00693E85 /* MineInfModel.m in Sources */,
				30F6C5A21DD1AA67009E766C /* ZLPhotoActionSheet.m in Sources */,
				30D7612B1DD94F92002F3983 /* ZSBalanceViewController.m in Sources */,
				5768C22C1DB5B9050069B421 /* AppDelegate.m in Sources */,
				57D7E1FC1DB9E378005E69E2 /* ZSMessageView.m in Sources */,
				5787E89F1DB8A9250062249F /* UIbutton.m in Sources */,
				57D7E1E41DB9AACA005E69E2 /* ZSChangePasswordVC.m in Sources */,
				30F6C4AA1DD198F3009E766C /* ZLShowBigImage.m in Sources */,
				5768C24E1DB5BC3A0069B421 /* UIView+ZSExtension.m in Sources */,
				5712447E1DC1DE97009CBE66 /* ZSMineInfoViewController.m in Sources */,
				30F6C5A91DD1AA67009E766C /* ZLThumbnailViewController.m in Sources */,
				5768C22D1DB5B9050069B421 /* main.m in Sources */,
				30F6C5A41DD1AA67009E766C /* ZLPhotoBrowserCell.m in Sources */,
				30F6C5B21DD1BBF1009E766C /* ZSDetailsViewController.m in Sources */,
				578B70B51DC0775600453A18 /* ZSSettingViewController.m in Sources */,
				5768C23F1DB5BAFC0069B421 /* ZSOrderViewController.m in Sources */,
				30F6C5B81DD1C9AE009E766C /* ZHBtnSelectView.m in Sources */,
				300061E01DD054FF000D1BD5 /* TwoPayTypeViewController.m in Sources */,
				30E316B11DCB389500B6ADA4 /* TwoCollectionViewCell.m in Sources */,
				571069201DCB055E005481B4 /* Stepthird.m in Sources */,
				30F6C5B51DD1C984009E766C /* StepthirdCell.m in Sources */,
				30F6C59F1DD1AA67009E766C /* ZLBigImageCell.m in Sources */,
				5768C2391DB5B9DE0069B421 /* ZSNavigationController.m in Sources */,
				300061D71DD023F6000D1BD5 /* TwoDetailsViewController.m in Sources */,
				5768C22E1DB5B9050069B421 /* ViewController.m in Sources */,
				57075D341DC31B4400693E85 /* UIViewController+SelectPhotoIcon.m in Sources */,
				30E316AE1DCB386300B6ADA4 /* TwoViewController.m in Sources */,
				5768C2541DB5BD4C0069B421 /* ZSTabBar.m in Sources */,
				5768C2421DB5BB1E0069B421 /* ZSEditAndReceiveViewController.m in Sources */,
				5768C2511DB5BC600069B421 /* UIImage+Image.m in Sources */,
				5710691A1DCB0530005481B4 /* Stepfirst.m in Sources */,
				5771FDE51DBDE1B400003DCC /* XLWaveView.m in Sources */,
				30E316A41DCB37F800B6ADA4 /* HXTagsView.m in Sources */,
				577832D81DD5B86F00BADA93 /* ZSHomeViewController.m in Sources */,
				30F6C5AF1DD1B907009E766C /* ZSDetailsTableViewCell.m in Sources */,
				57075D3B1DC31B9000693E85 /* BBInput.m in Sources */,
				572F8A131DC727E60076E2D8 /* STConst.m in Sources */,
				577832D91DD5B86F00BADA93 /* ZSMapAroundViewController.m in Sources */,
				30F6C5A01DD1AA67009E766C /* ZLCollectionCell.m in Sources */,
				5768C2481DB5BB390069B421 /* ZSMineViewController.m in Sources */,
				576CBA741DCAC48300514182 /* myimgeview.m in Sources */,
				5768C2361DB5B9AA0069B421 /* ZSTabBarController.m in Sources */,
				30F6C5A61DD1AA67009E766C /* ZLProgressHUD.m in Sources */,
				30F6C5A71DD1AA67009E766C /* ZLSelectPhotoModel.m in Sources */,
				571244371DC1C82E009CBE66 /* PublishMenuButton.m in Sources */,
				30CA2FAB1DD9A345007A5F52 /* XRCarouselView.m in Sources */,
				30E316A51DCB37F800B6ADA4 /* ZSFitterControl.m in Sources */,
				30F6C5891DD1AA67009E766C /* NSBundle+ZLPhotoBrowser.m in Sources */,
				30E3169E1DCB36D200B6ADA4 /* ZSRightTableViewCell.m in Sources */,
				30F6C5A81DD1AA67009E766C /* ZLShowBigImgViewController.m in Sources */,
				577832DA1DD5B86F00BADA93 /* ZSHomeMapView.m in Sources */,
				5753F0511DC824E7001D95D6 /* NSCalendar+ST.m in Sources */,
				5768C2451DB5BB2C0069B421 /* ZSMessageViewController.m in Sources */,
				30F6C59E1DD1AA67009E766C /* ToastUtils.m in Sources */,
				30F6C5A51DD1AA67009E766C /* ZLPhotoTool.m in Sources */,
				571244381DC1C82E009CBE66 /* UIImage+XW.m in Sources */,
				5753F0561DC824EC001D95D6 /* STPickerSingle.m in Sources */,
				57075D3C1DC31B9000693E85 /* BBInputView.m in Sources */,
				5753F0521DC824E7001D95D6 /* STPickerDate.m in Sources */,
				57599A651DB9A520007BC223 /* ZSRegisterCustomerVC.m in Sources */,
				30E3169D1DCB36D200B6ADA4 /* ZSLeftTableViewCell.m in Sources */,
				5787E8961DB866E40062249F /* ZSLoginViewController.m in Sources */,
				30F6C5A31DD1AA67009E766C /* ZLPhotoBrowser.m in Sources */,
				30D7612E1DD94FB4002F3983 /* ZSFamilyViewController.m in Sources */,
				57599A661DB9A520007BC223 /* ZSRegisterViewController.m in Sources */,
				30D761311DD94FCA002F3983 /* ZSHelpViewController.m in Sources */,
				5710691D1DCB054D005481B4 /* Stepsecond.m in Sources */,
				578B71291DC0AB2C00453A18 /* ThreeViewController.m in Sources */,
				572F8A161DC727E60076E2D8 /* STPickerView.m in Sources */,
				57075DF91DC347D400693E85 /* TWSpringyFlowLayout.m in Sources */,
				578B71211DC0AAC700453A18 /* XWPopMenuController.m in Sources */,
				5753F04B1DC824A6001D95D6 /* STPickerArea.m in Sources */,
				300061DD1DD0542C000D1BD5 /* TwoDetailsTabViewCell.m in Sources */,
				571069261DCB2E9A005481B4 /* ZSDetailOrderModel.m in Sources */,
				572F8A141DC727E60076E2D8 /* STUI.m in Sources */,
				30F6C5A11DD1AA67009E766C /* ZLNoAuthorityViewController.m in Sources */,
				30F6C5BB1DD1C9D5009E766C /* ZHCustomBtn.m in Sources */,
				578B71281DC0AB2C00453A18 /* OneViewController.m in Sources */,
				57075DFC1DC3480200693E85 /* ZSMessageViewCell.m in Sources */,
			);
			runOnlyForDeploymentPostprocessing = 0;
		};
		5768C1EB1DB5B7CF0069B421 /* Sources */ = {
			isa = PBXSourcesBuildPhase;
			buildActionMask = 2147483647;
			files = (
				5768C1F41DB5B7CF0069B421 /* MaintenanceExpertTests.m in Sources */,
			);
			runOnlyForDeploymentPostprocessing = 0;
		};
		5768C1F61DB5B7CF0069B421 /* Sources */ = {
			isa = PBXSourcesBuildPhase;
			buildActionMask = 2147483647;
			files = (
				5768C1FF1DB5B7CF0069B421 /* MaintenanceExpertUITests.m in Sources */,
			);
			runOnlyForDeploymentPostprocessing = 0;
		};
/* End PBXSourcesBuildPhase section */

/* Begin PBXTargetDependency section */
		5768C1F11DB5B7CF0069B421 /* PBXTargetDependency */ = {
			isa = PBXTargetDependency;
			target = 5768C1D51DB5B7CF0069B421 /* MaintenanceExpert */;
			targetProxy = 5768C1F01DB5B7CF0069B421 /* PBXContainerItemProxy */;
		};
		5768C1FC1DB5B7CF0069B421 /* PBXTargetDependency */ = {
			isa = PBXTargetDependency;
			target = 5768C1D51DB5B7CF0069B421 /* MaintenanceExpert */;
			targetProxy = 5768C1FB1DB5B7CF0069B421 /* PBXContainerItemProxy */;
		};
/* End PBXTargetDependency section */

/* Begin PBXVariantGroup section */
		5768C1E21DB5B7CF0069B421 /* Main.storyboard */ = {
			isa = PBXVariantGroup;
			children = (
				5768C1E31DB5B7CF0069B421 /* Base */,
			);
			name = Main.storyboard;
			sourceTree = "<group>";
		};
		5768C1E71DB5B7CF0069B421 /* LaunchScreen.storyboard */ = {
			isa = PBXVariantGroup;
			children = (
				5768C1E81DB5B7CF0069B421 /* Base */,
			);
			name = LaunchScreen.storyboard;
			sourceTree = "<group>";
		};
/* End PBXVariantGroup section */

/* Begin XCBuildConfiguration section */
		5768C2011DB5B7CF0069B421 /* Debug */ = {
			isa = XCBuildConfiguration;
			buildSettings = {
				ALWAYS_SEARCH_USER_PATHS = NO;
				CLANG_CXX_LANGUAGE_STANDARD = "gnu++0x";
				CLANG_CXX_LIBRARY = "libc++";
				CLANG_ENABLE_MODULES = YES;
				CLANG_ENABLE_OBJC_ARC = YES;
				CLANG_WARN_BOOL_CONVERSION = YES;
				CLANG_WARN_CONSTANT_CONVERSION = YES;
				CLANG_WARN_DIRECT_OBJC_ISA_USAGE = YES_ERROR;
				CLANG_WARN_EMPTY_BODY = YES;
				CLANG_WARN_ENUM_CONVERSION = YES;
				CLANG_WARN_INT_CONVERSION = YES;
				CLANG_WARN_OBJC_ROOT_CLASS = YES_ERROR;
				CLANG_WARN_UNREACHABLE_CODE = YES;
				CLANG_WARN__DUPLICATE_METHOD_MATCH = YES;
				"CODE_SIGN_IDENTITY[sdk=iphoneos*]" = "iPhone Developer";
				COPY_PHASE_STRIP = NO;
				DEBUG_INFORMATION_FORMAT = dwarf;
				ENABLE_STRICT_OBJC_MSGSEND = YES;
				ENABLE_TESTABILITY = YES;
				GCC_C_LANGUAGE_STANDARD = gnu99;
				GCC_DYNAMIC_NO_PIC = NO;
				GCC_NO_COMMON_BLOCKS = YES;
				GCC_OPTIMIZATION_LEVEL = 0;
				GCC_PREPROCESSOR_DEFINITIONS = (
					"DEBUG=1",
					"$(inherited)",
				);
				GCC_WARN_64_TO_32_BIT_CONVERSION = YES;
				GCC_WARN_ABOUT_RETURN_TYPE = YES_ERROR;
				GCC_WARN_UNDECLARED_SELECTOR = YES;
				GCC_WARN_UNINITIALIZED_AUTOS = YES_AGGRESSIVE;
				GCC_WARN_UNUSED_FUNCTION = YES;
				GCC_WARN_UNUSED_VARIABLE = YES;
				IPHONEOS_DEPLOYMENT_TARGET = 9.2;
				MTL_ENABLE_DEBUG_INFO = YES;
				ONLY_ACTIVE_ARCH = YES;
				SDKROOT = iphoneos;
				TARGETED_DEVICE_FAMILY = "1,2";
			};
			name = Debug;
		};
		5768C2021DB5B7CF0069B421 /* Release */ = {
			isa = XCBuildConfiguration;
			buildSettings = {
				ALWAYS_SEARCH_USER_PATHS = NO;
				CLANG_CXX_LANGUAGE_STANDARD = "gnu++0x";
				CLANG_CXX_LIBRARY = "libc++";
				CLANG_ENABLE_MODULES = YES;
				CLANG_ENABLE_OBJC_ARC = YES;
				CLANG_WARN_BOOL_CONVERSION = YES;
				CLANG_WARN_CONSTANT_CONVERSION = YES;
				CLANG_WARN_DIRECT_OBJC_ISA_USAGE = YES_ERROR;
				CLANG_WARN_EMPTY_BODY = YES;
				CLANG_WARN_ENUM_CONVERSION = YES;
				CLANG_WARN_INT_CONVERSION = YES;
				CLANG_WARN_OBJC_ROOT_CLASS = YES_ERROR;
				CLANG_WARN_UNREACHABLE_CODE = YES;
				CLANG_WARN__DUPLICATE_METHOD_MATCH = YES;
				"CODE_SIGN_IDENTITY[sdk=iphoneos*]" = "iPhone Developer";
				COPY_PHASE_STRIP = NO;
				DEBUG_INFORMATION_FORMAT = "dwarf-with-dsym";
				ENABLE_NS_ASSERTIONS = NO;
				ENABLE_STRICT_OBJC_MSGSEND = YES;
				GCC_C_LANGUAGE_STANDARD = gnu99;
				GCC_NO_COMMON_BLOCKS = YES;
				GCC_WARN_64_TO_32_BIT_CONVERSION = YES;
				GCC_WARN_ABOUT_RETURN_TYPE = YES_ERROR;
				GCC_WARN_UNDECLARED_SELECTOR = YES;
				GCC_WARN_UNINITIALIZED_AUTOS = YES_AGGRESSIVE;
				GCC_WARN_UNUSED_FUNCTION = YES;
				GCC_WARN_UNUSED_VARIABLE = YES;
				IPHONEOS_DEPLOYMENT_TARGET = 9.2;
				MTL_ENABLE_DEBUG_INFO = NO;
				SDKROOT = iphoneos;
				TARGETED_DEVICE_FAMILY = "1,2";
				VALIDATE_PRODUCT = YES;
			};
			name = Release;
		};
		5768C2041DB5B7CF0069B421 /* Debug */ = {
			isa = XCBuildConfiguration;
			baseConfigurationReference = CC9CB1DA0ADD916D7022FE2C /* Pods-MaintenanceExpert.debug.xcconfig */;
			buildSettings = {
				ASSETCATALOG_COMPILER_APPICON_NAME = AppIcon;
				GCC_PRECOMPILE_PREFIX_HEADER = YES;
				GCC_PREFIX_HEADER = /Users/zsyw/Desktop/MaintenanceExpertTwo/MaintenanceExpert/Other/PrefixHeader.pch;
				INFOPLIST_FILE = MaintenanceExpert/Info.plist;
				IPHONEOS_DEPLOYMENT_TARGET = 7.1;
				LD_RUNPATH_SEARCH_PATHS = "$(inherited) @executable_path/Frameworks";
				PRODUCT_BUNDLE_IDENTIFIER = com.zsyw.MaintenanceExpert;
				PRODUCT_NAME = "$(TARGET_NAME)";
			};
			name = Debug;
		};
		5768C2051DB5B7CF0069B421 /* Release */ = {
			isa = XCBuildConfiguration;
			baseConfigurationReference = EF99949DBB471B496024858D /* Pods-MaintenanceExpert.release.xcconfig */;
			buildSettings = {
				ASSETCATALOG_COMPILER_APPICON_NAME = AppIcon;
				GCC_PRECOMPILE_PREFIX_HEADER = YES;
				GCC_PREFIX_HEADER = /Users/zsyw/Desktop/MaintenanceExpertTwo/MaintenanceExpert/Other/PrefixHeader.pch;
				INFOPLIST_FILE = MaintenanceExpert/Info.plist;
				IPHONEOS_DEPLOYMENT_TARGET = 7.1;
				LD_RUNPATH_SEARCH_PATHS = "$(inherited) @executable_path/Frameworks";
				PRODUCT_BUNDLE_IDENTIFIER = com.zsyw.MaintenanceExpert;
				PRODUCT_NAME = "$(TARGET_NAME)";
			};
			name = Release;
		};
		5768C2071DB5B7CF0069B421 /* Debug */ = {
			isa = XCBuildConfiguration;
			buildSettings = {
				BUNDLE_LOADER = "$(TEST_HOST)";
				INFOPLIST_FILE = MaintenanceExpertTests/Info.plist;
				LD_RUNPATH_SEARCH_PATHS = "$(inherited) @executable_path/Frameworks @loader_path/Frameworks";
				PRODUCT_BUNDLE_IDENTIFIER = com.zsyw.MaintenanceExpertTests;
				PRODUCT_NAME = "$(TARGET_NAME)";
				TEST_HOST = "$(BUILT_PRODUCTS_DIR)/MaintenanceExpert.app/MaintenanceExpert";
			};
			name = Debug;
		};
		5768C2081DB5B7CF0069B421 /* Release */ = {
			isa = XCBuildConfiguration;
			buildSettings = {
				BUNDLE_LOADER = "$(TEST_HOST)";
				INFOPLIST_FILE = MaintenanceExpertTests/Info.plist;
				LD_RUNPATH_SEARCH_PATHS = "$(inherited) @executable_path/Frameworks @loader_path/Frameworks";
				PRODUCT_BUNDLE_IDENTIFIER = com.zsyw.MaintenanceExpertTests;
				PRODUCT_NAME = "$(TARGET_NAME)";
				TEST_HOST = "$(BUILT_PRODUCTS_DIR)/MaintenanceExpert.app/MaintenanceExpert";
			};
			name = Release;
		};
		5768C20A1DB5B7CF0069B421 /* Debug */ = {
			isa = XCBuildConfiguration;
			buildSettings = {
				INFOPLIST_FILE = MaintenanceExpertUITests/Info.plist;
				LD_RUNPATH_SEARCH_PATHS = "$(inherited) @executable_path/Frameworks @loader_path/Frameworks";
				PRODUCT_BUNDLE_IDENTIFIER = com.zsyw.MaintenanceExpertUITests;
				PRODUCT_NAME = "$(TARGET_NAME)";
				TEST_TARGET_NAME = MaintenanceExpert;
				USES_XCTRUNNER = YES;
			};
			name = Debug;
		};
		5768C20B1DB5B7CF0069B421 /* Release */ = {
			isa = XCBuildConfiguration;
			buildSettings = {
				INFOPLIST_FILE = MaintenanceExpertUITests/Info.plist;
				LD_RUNPATH_SEARCH_PATHS = "$(inherited) @executable_path/Frameworks @loader_path/Frameworks";
				PRODUCT_BUNDLE_IDENTIFIER = com.zsyw.MaintenanceExpertUITests;
				PRODUCT_NAME = "$(TARGET_NAME)";
				TEST_TARGET_NAME = MaintenanceExpert;
				USES_XCTRUNNER = YES;
			};
			name = Release;
		};
/* End XCBuildConfiguration section */

/* Begin XCConfigurationList section */
		5768C1D11DB5B7CF0069B421 /* Build configuration list for PBXProject "MaintenanceExpert" */ = {
			isa = XCConfigurationList;
			buildConfigurations = (
				5768C2011DB5B7CF0069B421 /* Debug */,
				5768C2021DB5B7CF0069B421 /* Release */,
			);
			defaultConfigurationIsVisible = 0;
			defaultConfigurationName = Release;
		};
		5768C2031DB5B7CF0069B421 /* Build configuration list for PBXNativeTarget "MaintenanceExpert" */ = {
			isa = XCConfigurationList;
			buildConfigurations = (
				5768C2041DB5B7CF0069B421 /* Debug */,
				5768C2051DB5B7CF0069B421 /* Release */,
			);
			defaultConfigurationIsVisible = 0;
			defaultConfigurationName = Release;
		};
		5768C2061DB5B7CF0069B421 /* Build configuration list for PBXNativeTarget "MaintenanceExpertTests" */ = {
			isa = XCConfigurationList;
			buildConfigurations = (
				5768C2071DB5B7CF0069B421 /* Debug */,
				5768C2081DB5B7CF0069B421 /* Release */,
			);
			defaultConfigurationIsVisible = 0;
			defaultConfigurationName = Release;
		};
		5768C2091DB5B7CF0069B421 /* Build configuration list for PBXNativeTarget "MaintenanceExpertUITests" */ = {
			isa = XCConfigurationList;
			buildConfigurations = (
				5768C20A1DB5B7CF0069B421 /* Debug */,
				5768C20B1DB5B7CF0069B421 /* Release */,
			);
			defaultConfigurationIsVisible = 0;
			defaultConfigurationName = Release;
		};
/* End XCConfigurationList section */
	};
	rootObject = 5768C1CE1DB5B7CF0069B421 /* Project object */;
}
